Microsoft Visual Studio Solution File, Format Version 12.00
# Visual Studio 15
VisualStudioVersion = 15.0.26730.15
MinimumVisualStudioVersion = 10.0.40219.1
Project("{FAE04EC0-301F-11D3-BF4B-00C04F79EFBC}") = "Codex", "src\Codex\Codex.csproj", "{18F9B5DD-54B9-49F3-B788-8A066314BB98}"
EndProject
Project("{FAE04EC0-301F-11D3-BF4B-00C04F79EFBC}") = "Codex.Sdk", "src\Codex.Sdk\Codex.Sdk.csproj", "{2322A932-05F4-4931-8547-71377C6AB49E}"
EndProject
Project("{FAE04EC0-301F-11D3-BF4B-00C04F79EFBC}") = "Codex.Analysis", "src\Codex.Analysis\Codex.Analysis.csproj", "{2016A682-4D9F-4A65-A03D-D65FF2948269}"
EndProject
Project("{FAE04EC0-301F-11D3-BF4B-00C04F79EFBC}") = "Codex.Analysis.Managed", "src\Codex.Analysis.Managed\Codex.Analysis.Managed.csproj", "{9C45EDC8-4B6F-4C70-B317-A3B6074A965A}"
EndProject
Project("{FAE04EC0-301F-11D3-BF4B-00C04F79EFBC}") = "Codex.Analysis.Managed.Decompilation", "src\Codex.Analysis.Managed.Decompilation\Codex.Analysis.Managed.Decompilation.csproj", "{CE20F5F8-917F-4E24-8374-B60B698ACBA6}"
EndProject
Project("{FAE04EC0-301F-11D3-BF4B-00C04F79EFBC}") = "Codex.Decompilation", "src\Codex.Decompilation\Codex.Decompilation.csproj", "{C6454733-C8EE-41A1-88D9-2EDC4012F499}"
EndProject
Project("{FAE04EC0-301F-11D3-BF4B-00C04F79EFBC}") = "Codex.Decompilation.Perspective", "src\Codex.Decompilation.Perspective\Codex.Decompilation.Perspective.csproj", "{94BDF7DC-169D-41D7-9FC8-081A9D1D56D2}"
EndProject
Project("{FAE04EC0-301F-11D3-BF4B-00C04F79EFBC}") = "Codex.ElasticSearch", "src\Codex.ElasticSearch\Codex.ElasticSearch.csproj", "{4573F8BC-6B87-4526-A815-42F473452F8C}"
EndProject
Project("{FAE04EC0-301F-11D3-BF4B-00C04F79EFBC}") = "Perspectil", "src\Perspectil\Perspectil.csproj", "{F9A05818-6D67-484A-8397-149EA1DEDCDF}"
EndProject
Project("{2150E333-8FDC-42A3-9474-1A3956D46DE8}") = "Documents", "Documents", "{64FF0049-1E2B-4929-B944-EFF99A45C910}"
	ProjectSection(SolutionItems) = preProject
		Ingestion.txt = Ingestion.txt
		TODO.txt = TODO.txt
	EndProjectSection
EndProject
Project("{FAE04EC0-301F-11D3-BF4B-00C04F79EFBC}") = "CodexTestCSharpLibrary", "src\TestProjects\CodexTestRepo\CodexTestCSharpLibrary\CodexTestCSharpLibrary.csproj", "{F16A9DE8-193F-4D07-9D86-1DD2FB087A96}"
EndProject
Project("{2150E333-8FDC-42A3-9474-1A3956D46DE8}") = "TestProjects", "TestProjects", "{93A34DFC-EDAD-41A7-ACCC-8102695590DD}"
EndProject
Project("{2150E333-8FDC-42A3-9474-1A3956D46DE8}") = "CodexTestRepo", "CodexTestRepo", "{67C77F61-548B-4B26-96CE-E8C6B924785B}"
EndProject
Project("{2150E333-8FDC-42A3-9474-1A3956D46DE8}") = "Advanced", "Advanced", "{5B49B5ED-0C4F-47DD-8D72-6BD21518E7FD}"
EndProject
Project("{2150E333-8FDC-42A3-9474-1A3956D46DE8}") = "View", "View", "{55E4316A-8074-44D6-9DB1-91404CDF2432}"
EndProject
Project("{FAE04EC0-301F-11D3-BF4B-00C04F79EFBC}") = "Codex.View", "src\Codex.View\Codex.View.csproj", "{AEF02BDC-1C84-4F8D-B1A3-99C760937023}"
EndProject
Project("{FAE04EC0-301F-11D3-BF4B-00C04F79EFBC}") = "Codex.Analysis.External", "src\Codex.Analysis.External\Codex.Analysis.External.csproj", "{CD028A30-EF26-44DE-884B-6D9C41C39D64}"
EndProject
Project("{FAE04EC0-301F-11D3-BF4B-00C04F79EFBC}") = "Codex.View.Web", "src\Codex.View.Web\Codex.View.Web.csproj", "{796AA891-1AF9-4949-A817-EBF065AE2312}"
EndProject
Project("{FAE04EC0-301F-11D3-BF4B-00C04F79EFBC}") = "Codex.Framework.Generation", "src\Codex.Framework.Generation\Codex.Framework.Generation.csproj", "{E30939C5-042D-4EC2-817D-C5AFC509B330}"
EndProject
Project("{D954291E-2A0B-460D-934E-DC6B0785DB48}") = "Codex.Sdk.Types", "Codex.Sdk.Types\Codex.Sdk.Types.shproj", "{F88FB26C-FAC3-4D8A-9779-E3475D18ECB1}"
EndProject
Project("{2150E333-8FDC-42A3-9474-1A3956D46DE8}") = "Tests", "Tests", "{7F4060A4-602D-4A7C-8ACF-7956D9F8D757}"
EndProject
Project("{FAE04EC0-301F-11D3-BF4B-00C04F79EFBC}") = "Codex.ElasticSearch.Tests", "src\Codex.ElasticSearch.Tests\Codex.ElasticSearch.Tests.csproj", "{8EDF4429-251A-416D-BB68-93F227191BCF}"
EndProject
Project("{FAE04EC0-301F-11D3-BF4B-00C04F79EFBC}") = "Codex.Web", "src\Codex.Web\Codex.Web.csproj", "{887A8565-4A10-44C8-82EF-F2F2D1D2BFBF}"
EndProject
Global
	GlobalSection(SharedMSBuildProjectFiles) = preSolution
		Codex.Sdk.Types\Codex.Sdk.Types.projitems*{2322a932-05f4-4931-8547-71377c6ab49e}*SharedItemsImports = 4
		Codex.Sdk.Types\Codex.Sdk.Types.projitems*{e30939c5-042d-4ec2-817d-c5afc509b330}*SharedItemsImports = 4
		Codex.Sdk.Types\Codex.Sdk.Types.projitems*{f88fb26c-fac3-4d8a-9779-e3475d18ecb1}*SharedItemsImports = 13
	EndGlobalSection
	GlobalSection(SolutionConfigurationPlatforms) = preSolution
		Debug|Any CPU = Debug|Any CPU
		Debug|Mixed Platforms = Debug|Mixed Platforms
		Release|Any CPU = Release|Any CPU
		Release|Mixed Platforms = Release|Mixed Platforms
	EndGlobalSection
	GlobalSection(ProjectConfigurationPlatforms) = postSolution
		{18F9B5DD-54B9-49F3-B788-8A066314BB98}.Debug|Any CPU.ActiveCfg = Debug|Any CPU
		{18F9B5DD-54B9-49F3-B788-8A066314BB98}.Debug|Any CPU.Build.0 = Debug|Any CPU
		{18F9B5DD-54B9-49F3-B788-8A066314BB98}.Debug|Mixed Platforms.ActiveCfg = Debug|Any CPU
		{18F9B5DD-54B9-49F3-B788-8A066314BB98}.Debug|Mixed Platforms.Build.0 = Debug|Any CPU
		{18F9B5DD-54B9-49F3-B788-8A066314BB98}.Release|Any CPU.ActiveCfg = Release|Any CPU
		{18F9B5DD-54B9-49F3-B788-8A066314BB98}.Release|Any CPU.Build.0 = Release|Any CPU
		{18F9B5DD-54B9-49F3-B788-8A066314BB98}.Release|Mixed Platforms.ActiveCfg = Release|Any CPU
		{18F9B5DD-54B9-49F3-B788-8A066314BB98}.Release|Mixed Platforms.Build.0 = Release|Any CPU
		{2322A932-05F4-4931-8547-71377C6AB49E}.Debug|Any CPU.ActiveCfg = Debug|Any CPU
		{2322A932-05F4-4931-8547-71377C6AB49E}.Debug|Any CPU.Build.0 = Debug|Any CPU
		{2322A932-05F4-4931-8547-71377C6AB49E}.Debug|Mixed Platforms.ActiveCfg = Debug|Any CPU
		{2322A932-05F4-4931-8547-71377C6AB49E}.Debug|Mixed Platforms.Build.0 = Debug|Any CPU
		{2322A932-05F4-4931-8547-71377C6AB49E}.Release|Any CPU.ActiveCfg = Release|Any CPU
		{2322A932-05F4-4931-8547-71377C6AB49E}.Release|Any CPU.Build.0 = Release|Any CPU
		{2322A932-05F4-4931-8547-71377C6AB49E}.Release|Mixed Platforms.ActiveCfg = Release|Any CPU
		{2322A932-05F4-4931-8547-71377C6AB49E}.Release|Mixed Platforms.Build.0 = Release|Any CPU
		{2016A682-4D9F-4A65-A03D-D65FF2948269}.Debug|Any CPU.ActiveCfg = Debug|Any CPU
		{2016A682-4D9F-4A65-A03D-D65FF2948269}.Debug|Any CPU.Build.0 = Debug|Any CPU
		{2016A682-4D9F-4A65-A03D-D65FF2948269}.Debug|Mixed Platforms.ActiveCfg = Debug|Any CPU
		{2016A682-4D9F-4A65-A03D-D65FF2948269}.Debug|Mixed Platforms.Build.0 = Debug|Any CPU
		{2016A682-4D9F-4A65-A03D-D65FF2948269}.Release|Any CPU.ActiveCfg = Release|Any CPU
		{2016A682-4D9F-4A65-A03D-D65FF2948269}.Release|Any CPU.Build.0 = Release|Any CPU
		{2016A682-4D9F-4A65-A03D-D65FF2948269}.Release|Mixed Platforms.ActiveCfg = Release|Any CPU
		{2016A682-4D9F-4A65-A03D-D65FF2948269}.Release|Mixed Platforms.Build.0 = Release|Any CPU
		{9C45EDC8-4B6F-4C70-B317-A3B6074A965A}.Debug|Any CPU.ActiveCfg = Debug|Any CPU
		{9C45EDC8-4B6F-4C70-B317-A3B6074A965A}.Debug|Any CPU.Build.0 = Debug|Any CPU
		{9C45EDC8-4B6F-4C70-B317-A3B6074A965A}.Debug|Mixed Platforms.ActiveCfg = Debug|Any CPU
		{9C45EDC8-4B6F-4C70-B317-A3B6074A965A}.Debug|Mixed Platforms.Build.0 = Debug|Any CPU
		{9C45EDC8-4B6F-4C70-B317-A3B6074A965A}.Release|Any CPU.ActiveCfg = Release|Any CPU
		{9C45EDC8-4B6F-4C70-B317-A3B6074A965A}.Release|Any CPU.Build.0 = Release|Any CPU
		{9C45EDC8-4B6F-4C70-B317-A3B6074A965A}.Release|Mixed Platforms.ActiveCfg = Release|Any CPU
		{9C45EDC8-4B6F-4C70-B317-A3B6074A965A}.Release|Mixed Platforms.Build.0 = Release|Any CPU
		{CE20F5F8-917F-4E24-8374-B60B698ACBA6}.Debug|Any CPU.ActiveCfg = Debug|Any CPU
		{CE20F5F8-917F-4E24-8374-B60B698ACBA6}.Debug|Any CPU.Build.0 = Debug|Any CPU
		{CE20F5F8-917F-4E24-8374-B60B698ACBA6}.Debug|Mixed Platforms.ActiveCfg = Debug|Any CPU
		{CE20F5F8-917F-4E24-8374-B60B698ACBA6}.Debug|Mixed Platforms.Build.0 = Debug|Any CPU
		{CE20F5F8-917F-4E24-8374-B60B698ACBA6}.Release|Any CPU.ActiveCfg = Release|Any CPU
		{CE20F5F8-917F-4E24-8374-B60B698ACBA6}.Release|Any CPU.Build.0 = Release|Any CPU
		{CE20F5F8-917F-4E24-8374-B60B698ACBA6}.Release|Mixed Platforms.ActiveCfg = Release|Any CPU
		{CE20F5F8-917F-4E24-8374-B60B698ACBA6}.Release|Mixed Platforms.Build.0 = Release|Any CPU
		{C6454733-C8EE-41A1-88D9-2EDC4012F499}.Debug|Any CPU.ActiveCfg = Debug|Any CPU
		{C6454733-C8EE-41A1-88D9-2EDC4012F499}.Debug|Any CPU.Build.0 = Debug|Any CPU
		{C6454733-C8EE-41A1-88D9-2EDC4012F499}.Debug|Mixed Platforms.ActiveCfg = Debug|Any CPU
		{C6454733-C8EE-41A1-88D9-2EDC4012F499}.Debug|Mixed Platforms.Build.0 = Debug|Any CPU
		{C6454733-C8EE-41A1-88D9-2EDC4012F499}.Release|Any CPU.ActiveCfg = Release|Any CPU
		{C6454733-C8EE-41A1-88D9-2EDC4012F499}.Release|Any CPU.Build.0 = Release|Any CPU
		{C6454733-C8EE-41A1-88D9-2EDC4012F499}.Release|Mixed Platforms.ActiveCfg = Release|Any CPU
		{C6454733-C8EE-41A1-88D9-2EDC4012F499}.Release|Mixed Platforms.Build.0 = Release|Any CPU
		{94BDF7DC-169D-41D7-9FC8-081A9D1D56D2}.Debug|Any CPU.ActiveCfg = Debug|Any CPU
		{94BDF7DC-169D-41D7-9FC8-081A9D1D56D2}.Debug|Any CPU.Build.0 = Debug|Any CPU
		{94BDF7DC-169D-41D7-9FC8-081A9D1D56D2}.Debug|Mixed Platforms.ActiveCfg = Debug|Any CPU
		{94BDF7DC-169D-41D7-9FC8-081A9D1D56D2}.Debug|Mixed Platforms.Build.0 = Debug|Any CPU
		{94BDF7DC-169D-41D7-9FC8-081A9D1D56D2}.Release|Any CPU.ActiveCfg = Release|Any CPU
		{94BDF7DC-169D-41D7-9FC8-081A9D1D56D2}.Release|Any CPU.Build.0 = Release|Any CPU
		{94BDF7DC-169D-41D7-9FC8-081A9D1D56D2}.Release|Mixed Platforms.ActiveCfg = Release|Any CPU
		{94BDF7DC-169D-41D7-9FC8-081A9D1D56D2}.Release|Mixed Platforms.Build.0 = Release|Any CPU
		{4573F8BC-6B87-4526-A815-42F473452F8C}.Debug|Any CPU.ActiveCfg = Debug|Any CPU
		{4573F8BC-6B87-4526-A815-42F473452F8C}.Debug|Any CPU.Build.0 = Debug|Any CPU
		{4573F8BC-6B87-4526-A815-42F473452F8C}.Debug|Mixed Platforms.ActiveCfg = Debug|Any CPU
		{4573F8BC-6B87-4526-A815-42F473452F8C}.Debug|Mixed Platforms.Build.0 = Debug|Any CPU
		{4573F8BC-6B87-4526-A815-42F473452F8C}.Release|Any CPU.ActiveCfg = Release|Any CPU
		{4573F8BC-6B87-4526-A815-42F473452F8C}.Release|Any CPU.Build.0 = Release|Any CPU
		{4573F8BC-6B87-4526-A815-42F473452F8C}.Release|Mixed Platforms.ActiveCfg = Release|Any CPU
		{4573F8BC-6B87-4526-A815-42F473452F8C}.Release|Mixed Platforms.Build.0 = Release|Any CPU
		{F9A05818-6D67-484A-8397-149EA1DEDCDF}.Debug|Any CPU.ActiveCfg = Debug|Any CPU
		{F9A05818-6D67-484A-8397-149EA1DEDCDF}.Debug|Any CPU.Build.0 = Debug|Any CPU
		{F9A05818-6D67-484A-8397-149EA1DEDCDF}.Debug|Mixed Platforms.ActiveCfg = Debug|Any CPU
		{F9A05818-6D67-484A-8397-149EA1DEDCDF}.Debug|Mixed Platforms.Build.0 = Debug|Any CPU
		{F9A05818-6D67-484A-8397-149EA1DEDCDF}.Release|Any CPU.ActiveCfg = Release|Any CPU
		{F9A05818-6D67-484A-8397-149EA1DEDCDF}.Release|Any CPU.Build.0 = Release|Any CPU
		{F9A05818-6D67-484A-8397-149EA1DEDCDF}.Release|Mixed Platforms.ActiveCfg = Release|Any CPU
		{F9A05818-6D67-484A-8397-149EA1DEDCDF}.Release|Mixed Platforms.Build.0 = Release|Any CPU
		{F16A9DE8-193F-4D07-9D86-1DD2FB087A96}.Debug|Any CPU.ActiveCfg = Debug|Any CPU
		{F16A9DE8-193F-4D07-9D86-1DD2FB087A96}.Debug|Any CPU.Build.0 = Debug|Any CPU
		{F16A9DE8-193F-4D07-9D86-1DD2FB087A96}.Debug|Mixed Platforms.ActiveCfg = Debug|Any CPU
		{F16A9DE8-193F-4D07-9D86-1DD2FB087A96}.Debug|Mixed Platforms.Build.0 = Debug|Any CPU
		{F16A9DE8-193F-4D07-9D86-1DD2FB087A96}.Release|Any CPU.ActiveCfg = Release|Any CPU
		{F16A9DE8-193F-4D07-9D86-1DD2FB087A96}.Release|Any CPU.Build.0 = Release|Any CPU
		{F16A9DE8-193F-4D07-9D86-1DD2FB087A96}.Release|Mixed Platforms.ActiveCfg = Release|Any CPU
		{F16A9DE8-193F-4D07-9D86-1DD2FB087A96}.Release|Mixed Platforms.Build.0 = Release|Any CPU
		{AEF02BDC-1C84-4F8D-B1A3-99C760937023}.Debug|Any CPU.ActiveCfg = Debug|Any CPU
		{AEF02BDC-1C84-4F8D-B1A3-99C760937023}.Debug|Any CPU.Build.0 = Debug|Any CPU
		{AEF02BDC-1C84-4F8D-B1A3-99C760937023}.Debug|Mixed Platforms.ActiveCfg = Debug|Any CPU
		{AEF02BDC-1C84-4F8D-B1A3-99C760937023}.Debug|Mixed Platforms.Build.0 = Debug|Any CPU
		{AEF02BDC-1C84-4F8D-B1A3-99C760937023}.Release|Any CPU.ActiveCfg = Release|Any CPU
		{AEF02BDC-1C84-4F8D-B1A3-99C760937023}.Release|Any CPU.Build.0 = Release|Any CPU
		{AEF02BDC-1C84-4F8D-B1A3-99C760937023}.Release|Mixed Platforms.ActiveCfg = Release|Any CPU
		{AEF02BDC-1C84-4F8D-B1A3-99C760937023}.Release|Mixed Platforms.Build.0 = Release|Any CPU
		{CD028A30-EF26-44DE-884B-6D9C41C39D64}.Debug|Any CPU.ActiveCfg = Debug|Any CPU
		{CD028A30-EF26-44DE-884B-6D9C41C39D64}.Debug|Any CPU.Build.0 = Debug|Any CPU
		{CD028A30-EF26-44DE-884B-6D9C41C39D64}.Debug|Mixed Platforms.ActiveCfg = Debug|Any CPU
		{CD028A30-EF26-44DE-884B-6D9C41C39D64}.Debug|Mixed Platforms.Build.0 = Debug|Any CPU
		{CD028A30-EF26-44DE-884B-6D9C41C39D64}.Release|Any CPU.ActiveCfg = Release|Any CPU
		{CD028A30-EF26-44DE-884B-6D9C41C39D64}.Release|Any CPU.Build.0 = Release|Any CPU
		{CD028A30-EF26-44DE-884B-6D9C41C39D64}.Release|Mixed Platforms.ActiveCfg = Release|Any CPU
		{CD028A30-EF26-44DE-884B-6D9C41C39D64}.Release|Mixed Platforms.Build.0 = Release|Any CPU
		{796AA891-1AF9-4949-A817-EBF065AE2312}.Debug|Any CPU.ActiveCfg = Debug|Any CPU
		{796AA891-1AF9-4949-A817-EBF065AE2312}.Debug|Any CPU.Build.0 = Debug|Any CPU
		{796AA891-1AF9-4949-A817-EBF065AE2312}.Debug|Mixed Platforms.ActiveCfg = Debug|Any CPU
		{796AA891-1AF9-4949-A817-EBF065AE2312}.Debug|Mixed Platforms.Build.0 = Debug|Any CPU
		{796AA891-1AF9-4949-A817-EBF065AE2312}.Release|Any CPU.ActiveCfg = Release|Any CPU
		{796AA891-1AF9-4949-A817-EBF065AE2312}.Release|Any CPU.Build.0 = Release|Any CPU
		{796AA891-1AF9-4949-A817-EBF065AE2312}.Release|Mixed Platforms.ActiveCfg = Release|Any CPU
		{796AA891-1AF9-4949-A817-EBF065AE2312}.Release|Mixed Platforms.Build.0 = Release|Any CPU
		{E30939C5-042D-4EC2-817D-C5AFC509B330}.Debug|Any CPU.ActiveCfg = Debug|Any CPU
		{E30939C5-042D-4EC2-817D-C5AFC509B330}.Debug|Any CPU.Build.0 = Debug|Any CPU
		{E30939C5-042D-4EC2-817D-C5AFC509B330}.Debug|Mixed Platforms.ActiveCfg = Debug|Any CPU
		{E30939C5-042D-4EC2-817D-C5AFC509B330}.Debug|Mixed Platforms.Build.0 = Debug|Any CPU
		{E30939C5-042D-4EC2-817D-C5AFC509B330}.Release|Any CPU.ActiveCfg = Release|Any CPU
		{E30939C5-042D-4EC2-817D-C5AFC509B330}.Release|Any CPU.Build.0 = Release|Any CPU
		{E30939C5-042D-4EC2-817D-C5AFC509B330}.Release|Mixed Platforms.ActiveCfg = Release|Any CPU
		{E30939C5-042D-4EC2-817D-C5AFC509B330}.Release|Mixed Platforms.Build.0 = Release|Any CPU
		{8EDF4429-251A-416D-BB68-93F227191BCF}.Debug|Any CPU.ActiveCfg = Debug|Any CPU
		{8EDF4429-251A-416D-BB68-93F227191BCF}.Debug|Any CPU.Build.0 = Debug|Any CPU
		{8EDF4429-251A-416D-BB68-93F227191BCF}.Debug|Mixed Platforms.ActiveCfg = Debug|Any CPU
		{8EDF4429-251A-416D-BB68-93F227191BCF}.Debug|Mixed Platforms.Build.0 = Debug|Any CPU
		{8EDF4429-251A-416D-BB68-93F227191BCF}.Release|Any CPU.ActiveCfg = Release|Any CPU
		{8EDF4429-251A-416D-BB68-93F227191BCF}.Release|Any CPU.Build.0 = Release|Any CPU
		{8EDF4429-251A-416D-BB68-93F227191BCF}.Release|Mixed Platforms.ActiveCfg = Release|Any CPU
		{8EDF4429-251A-416D-BB68-93F227191BCF}.Release|Mixed Platforms.Build.0 = Release|Any CPU
		{887A8565-4A10-44C8-82EF-F2F2D1D2BFBF}.Debug|Any CPU.ActiveCfg = Debug|Any CPU
		{887A8565-4A10-44C8-82EF-F2F2D1D2BFBF}.Debug|Any CPU.Build.0 = Debug|Any CPU
		{887A8565-4A10-44C8-82EF-F2F2D1D2BFBF}.Debug|Mixed Platforms.ActiveCfg = Debug|Any CPU
		{887A8565-4A10-44C8-82EF-F2F2D1D2BFBF}.Debug|Mixed Platforms.Build.0 = Debug|Any CPU
		{887A8565-4A10-44C8-82EF-F2F2D1D2BFBF}.Release|Any CPU.ActiveCfg = Release|Any CPU
		{887A8565-4A10-44C8-82EF-F2F2D1D2BFBF}.Release|Any CPU.Build.0 = Release|Any CPU
		{887A8565-4A10-44C8-82EF-F2F2D1D2BFBF}.Release|Mixed Platforms.ActiveCfg = Release|Any CPU
		{887A8565-4A10-44C8-82EF-F2F2D1D2BFBF}.Release|Mixed Platforms.Build.0 = Release|Any CPU
	EndGlobalSection
	GlobalSection(SolutionProperties) = preSolution
		HideSolutionNode = FALSE
	EndGlobalSection
	GlobalSection(NestedProjects) = preSolution
		{CE20F5F8-917F-4E24-8374-B60B698ACBA6} = {5B49B5ED-0C4F-47DD-8D72-6BD21518E7FD}
		{C6454733-C8EE-41A1-88D9-2EDC4012F499} = {5B49B5ED-0C4F-47DD-8D72-6BD21518E7FD}
		{94BDF7DC-169D-41D7-9FC8-081A9D1D56D2} = {5B49B5ED-0C4F-47DD-8D72-6BD21518E7FD}
		{F9A05818-6D67-484A-8397-149EA1DEDCDF} = {5B49B5ED-0C4F-47DD-8D72-6BD21518E7FD}
		{F16A9DE8-193F-4D07-9D86-1DD2FB087A96} = {67C77F61-548B-4B26-96CE-E8C6B924785B}
		{67C77F61-548B-4B26-96CE-E8C6B924785B} = {93A34DFC-EDAD-41A7-ACCC-8102695590DD}
		{AEF02BDC-1C84-4F8D-B1A3-99C760937023} = {55E4316A-8074-44D6-9DB1-91404CDF2432}
		{CD028A30-EF26-44DE-884B-6D9C41C39D64} = {5B49B5ED-0C4F-47DD-8D72-6BD21518E7FD}
		{796AA891-1AF9-4949-A817-EBF065AE2312} = {55E4316A-8074-44D6-9DB1-91404CDF2432}
		{8EDF4429-251A-416D-BB68-93F227191BCF} = {7F4060A4-602D-4A7C-8ACF-7956D9F8D757}
		{887A8565-4A10-44C8-82EF-F2F2D1D2BFBF} = {55E4316A-8074-44D6-9DB1-91404CDF2432}
	EndGlobalSection
	GlobalSection(ExtensibilityGlobals) = postSolution
		SolutionGuid = {65FBD1BF-7814-40A8-9ECB-A0EEC4804B35}
	EndGlobalSection
EndGlobal
