
Microsoft Visual Studio Solution File, Format Version 12.00
# Visual Studio 15
VisualStudioVersion = 15.0.26730.15
MinimumVisualStudioVersion = 10.0.40219.1
Project("{FAE04EC0-301F-11D3-BF4B-00C04F79EFBC}") = "Codex", "src\Codex\Codex.csproj", "{18F9B5DD-54B9-49F3-B788-8A066314BB98}"
EndProject
Project("{9A19103F-16F7-4668-BE54-9A1E7A4F7556}") = "Codex.Sdk", "src\Codex.Sdk\Codex.Sdk.csproj", "{2322A932-05F4-4931-8547-71377C6AB49E}"
EndProject
Project("{FAE04EC0-301F-11D3-BF4B-00C04F79EFBC}") = "Codex.Analysis", "src\Codex.Analysis\Codex.Analysis.csproj", "{2016A682-4D9F-4A65-A03D-D65FF2948269}"
EndProject
Project("{FAE04EC0-301F-11D3-BF4B-00C04F79EFBC}") = "Codex.Analysis.Managed", "src\Codex.Analysis.Managed\Codex.Analysis.Managed.csproj", "{9C45EDC8-4B6F-4C70-B317-A3B6074A965A}"
EndProject
Project("{FAE04EC0-301F-11D3-BF4B-00C04F79EFBC}") = "Codex.Analysis.Managed.Decompilation", "src\Codex.Analysis.Managed.Decompilation\Codex.Analysis.Managed.Decompilation.csproj", "{CE20F5F8-917F-4E24-8374-B60B698ACBA6}"
EndProject
Project("{FAE04EC0-301F-11D3-BF4B-00C04F79EFBC}") = "Codex.Decompilation", "src\Codex.Decompilation\Codex.Decompilation.csproj", "{C6454733-C8EE-41A1-88D9-2EDC4012F499}"
EndProject
Project("{FAE04EC0-301F-11D3-BF4B-00C04F79EFBC}") = "Codex.Decompilation.Perspective", "src\Codex.Decompilation.Perspective\Codex.Decompilation.Perspective.csproj", "{94BDF7DC-169D-41D7-9FC8-081A9D1D56D2}"
EndProject
Project("{9A19103F-16F7-4668-BE54-9A1E7A4F7556}") = "Codex.ElasticSearch", "src\Codex.ElasticSearch\Codex.ElasticSearch.csproj", "{4573F8BC-6B87-4526-A815-42F473452F8C}"
EndProject
Project("{FAE04EC0-301F-11D3-BF4B-00C04F79EFBC}") = "Perspectil", "src\Perspectil\Perspectil.csproj", "{F9A05818-6D67-484A-8397-149EA1DEDCDF}"
EndProject
Project("{2150E333-8FDC-42A3-9474-1A3956D46DE8}") = "Documents", "Documents", "{64FF0049-1E2B-4929-B944-EFF99A45C910}"
	ProjectSection(SolutionItems) = preProject
		Ingestion.txt = Ingestion.txt
		nuget.config = nuget.config
		TODO.txt = TODO.txt
	EndProjectSection
EndProject
Project("{FAE04EC0-301F-11D3-BF4B-00C04F79EFBC}") = "CodexTestCSharpLibrary", "src\TestProjects\CodexTestRepo\CodexTestCSharpLibrary\CodexTestCSharpLibrary.csproj", "{F16A9DE8-193F-4D07-9D86-1DD2FB087A96}"
EndProject
Project("{2150E333-8FDC-42A3-9474-1A3956D46DE8}") = "TestProjects", "TestProjects", "{93A34DFC-EDAD-41A7-ACCC-8102695590DD}"
EndProject
Project("{2150E333-8FDC-42A3-9474-1A3956D46DE8}") = "CodexTestRepo", "CodexTestRepo", "{67C77F61-548B-4B26-96CE-E8C6B924785B}"
EndProject
Project("{2150E333-8FDC-42A3-9474-1A3956D46DE8}") = "Advanced", "Advanced", "{5B49B5ED-0C4F-47DD-8D72-6BD21518E7FD}"
EndProject
Project("{2150E333-8FDC-42A3-9474-1A3956D46DE8}") = "View", "View", "{55E4316A-8074-44D6-9DB1-91404CDF2432}"
EndProject
Project("{FAE04EC0-301F-11D3-BF4B-00C04F79EFBC}") = "Codex.View", "src\Codex.View\Codex.View.csproj", "{AEF02BDC-1C84-4F8D-B1A3-99C760937023}"
EndProject
Project("{FAE04EC0-301F-11D3-BF4B-00C04F79EFBC}") = "Codex.Analysis.External", "src\Codex.Analysis.External\Codex.Analysis.External.csproj", "{CD028A30-EF26-44DE-884B-6D9C41C39D64}"
EndProject
Project("{FAE04EC0-301F-11D3-BF4B-00C04F79EFBC}") = "Codex.View.Web", "src\Codex.View.Web\Codex.View.Web.csproj", "{796AA891-1AF9-4949-A817-EBF065AE2312}"
	ProjectSection(ProjectDependencies) = postProject
		{21053C1F-6C25-4119-8FD6-0FA73332168E} = {21053C1F-6C25-4119-8FD6-0FA73332168E}
		{E3353831-9653-4F3A-B0FF-56D179235A43} = {E3353831-9653-4F3A-B0FF-56D179235A43}
		{F79EE440-E0C4-43A9-8DDC-33D9ED53E570} = {F79EE440-E0C4-43A9-8DDC-33D9ED53E570}
		{DD58EC80-2C0D-45F3-9CC9-5B1783193306} = {DD58EC80-2C0D-45F3-9CC9-5B1783193306}
	EndProjectSection
EndProject
Project("{FAE04EC0-301F-11D3-BF4B-00C04F79EFBC}") = "Codex.Framework.Generation", "src\Codex.Framework.Generation\Codex.Framework.Generation.csproj", "{E30939C5-042D-4EC2-817D-C5AFC509B330}"
EndProject
Project("{D954291E-2A0B-460D-934E-DC6B0785DB48}") = "Codex.Sdk.Types", "src\Codex.Sdk.Types\Codex.Sdk.Types.shproj", "{F88FB26C-FAC3-4D8A-9779-E3475D18ECB1}"
EndProject
Project("{2150E333-8FDC-42A3-9474-1A3956D46DE8}") = "Tests", "Tests", "{7F4060A4-602D-4A7C-8ACF-7956D9F8D757}"
EndProject
Project("{FAE04EC0-301F-11D3-BF4B-00C04F79EFBC}") = "Codex.ElasticSearch.Tests", "src\Codex.ElasticSearch.Tests\Codex.ElasticSearch.Tests.csproj", "{8EDF4429-251A-416D-BB68-93F227191BCF}"
EndProject
Project("{FAE04EC0-301F-11D3-BF4B-00C04F79EFBC}") = "Codex.View.Wpf", "src\Codex.View.Wpf\Codex.View.Wpf.csproj", "{0C89F949-AE1D-4137-9629-438735A111C3}"
	ProjectSection(ProjectDependencies) = postProject
		{ED2AE8A5-DEC3-4829-93A8-834A8833EC26} = {ED2AE8A5-DEC3-4829-93A8-834A8833EC26}
	EndProjectSection
EndProject
Project("{D954291E-2A0B-460D-934E-DC6B0785DB48}") = "Codex.Sdk.Shared", "src\Codex.Sdk.Shared\Codex.Sdk.Shared.shproj", "{D60352C9-9E89-46C0-884D-91640F484AAC}"
EndProject
Project("{D954291E-2A0B-460D-934E-DC6B0785DB48}") = "Codex.View.Shared", "src\Codex.View.Shared\Codex.View.Shared.shproj", "{5CF2582D-E804-4283-89B5-677B3A41F363}"
EndProject
Project("{9A19103F-16F7-4668-BE54-9A1E7A4F7556}") = "Codex.Web", "src\Codex.Web\Codex.Web.csproj", "{EA705293-ABA7-4B57-9BC4-FDC1F1FC6CA8}"
EndProject
Project("{2150E333-8FDC-42A3-9474-1A3956D46DE8}") = "Web", "Web", "{25E4BE1A-D5A5-45B4-B612-F524C796082E}"
EndProject
Project("{2150E333-8FDC-42A3-9474-1A3956D46DE8}") = "Granular", "Granular", "{5C682D0E-CDEA-4DC5-A40D-359114D25E38}"
EndProject
Project("{FAE04EC0-301F-11D3-BF4B-00C04F79EFBC}") = "Granular.Presentation", "..\Ref12\GranularTestApplication\Granular\Granular.Presentation\Granular.Presentation.csproj", "{14EC400C-E6B9-499B-9970-57B34AF24A4B}"
EndProject
Project("{FAE04EC0-301F-11D3-BF4B-00C04F79EFBC}") = "Granular.Host.Wpf", "..\Ref12\GranularTestApplication\Granular\Granular.Host.Wpf\Granular.Host.Wpf.csproj", "{ED2AE8A5-DEC3-4829-93A8-834A8833EC26}"
EndProject
Project("{FAE04EC0-301F-11D3-BF4B-00C04F79EFBC}") = "Granular.Host.Web", "..\Ref12\GranularTestApplication\Granular\Granular.Host.Web\Granular.Host.Web.csproj", "{E3353831-9653-4F3A-B0FF-56D179235A43}"
EndProject
Project("{FAE04EC0-301F-11D3-BF4B-00C04F79EFBC}") = "Granular.Presentation.Web", "..\Ref12\GranularTestApplication\Granular\Granular.Presentation.Web\Granular.Presentation.Web.csproj", "{DD58EC80-2C0D-45F3-9CC9-5B1783193306}"
EndProject
Project("{FAE04EC0-301F-11D3-BF4B-00C04F79EFBC}") = "Granular.Presentation.Generic", "..\Ref12\GranularTestApplication\Granular\Granular.Presentation.Generic\Granular.Presentation.Generic.csproj", "{FB4FBB48-CACB-49FA-898F-154A8A9233D1}"
EndProject
Project("{FAE04EC0-301F-11D3-BF4B-00C04F79EFBC}") = "Granular.Presentation.Generic.Web", "..\Ref12\GranularTestApplication\Granular\Granular.Presentation.Generic.Web\Granular.Presentation.Generic.Web.csproj", "{21053C1F-6C25-4119-8FD6-0FA73332168E}"
EndProject
Project("{FAE04EC0-301F-11D3-BF4B-00C04F79EFBC}") = "Granular.Common", "..\Ref12\GranularTestApplication\Granular\Granular.Common\Granular.Common.csproj", "{87F1FD58-E233-4183-830A-E9E54BA17D68}"
EndProject
Project("{FAE04EC0-301F-11D3-BF4B-00C04F79EFBC}") = "Granular.Common.Web", "..\Ref12\GranularTestApplication\Granular\Granular.Common.Web\Granular.Common.Web.csproj", "{F79EE440-E0C4-43A9-8DDC-33D9ED53E570}"
EndProject
Project("{9A19103F-16F7-4668-BE54-9A1E7A4F7556}") = "Codex.Web.Dependencies", "src\Codex.Web.Dependencies\Codex.Web.Dependencies.csproj", "{7C5DB244-27E2-4E11-B077-01D7AA271E18}"
EndProject
Project("{D954291E-2A0B-460D-934E-DC6B0785DB48}") = "Granular.Common.Shared", "..\Ref12\GranularTestApplication\Granular\Granular.Common\Granular.Common.Shared\Granular.Common.Shared.shproj", "{762F0EF4-8B66-4F3D-82E6-0904079FA925}"
EndProject
Project("{D954291E-2A0B-460D-934E-DC6B0785DB48}") = "Granular.Presentation.Shared", "..\Ref12\GranularTestApplication\Granular\Granular.Presentation\Granular.Presentation.Shared\Granular.Presentation.Shared.shproj", "{D858E34B-D0BB-4D30-97CA-6A014564570E}"
EndProject
Project("{FAE04EC0-301F-11D3-BF4B-00C04F79EFBC}") = "Codex.Generator", "src\Codex.Generator\Codex.Generator.csproj", "{FCD911F0-AFFB-4810-9816-6E67382C0D3C}"
EndProject
Global
	GlobalSection(SharedMSBuildProjectFiles) = preSolution
		src\Codex.View.Shared\Codex.View.Shared.projitems*{0c89f949-ae1d-4137-9629-438735a111c3}*SharedItemsImports = 4
		..\Ref12\GranularTestApplication\Granular\Granular.Presentation\Granular.Presentation.Shared\Granular.Presentation.Shared.projitems*{14ec400c-e6b9-499b-9970-57b34af24a4b}*SharedItemsImports = 4
		src\Codex.Sdk.Shared\Codex.Sdk.Shared.projitems*{2322a932-05f4-4931-8547-71377c6ab49e}*SharedItemsImports = 4
		src\Codex.Sdk.Types\Codex.Sdk.Types.projitems*{2322a932-05f4-4931-8547-71377c6ab49e}*SharedItemsImports = 4
		src\Codex.View.Shared\Codex.View.Shared.projitems*{5cf2582d-e804-4283-89b5-677b3a41f363}*SharedItemsImports = 13
		..\Ref12\GranularTestApplication\Granular\Granular.Common\Granular.Common.Shared\Granular.Common.Shared.projitems*{762f0ef4-8b66-4f3d-82e6-0904079fa925}*SharedItemsImports = 13
		src\Codex.Sdk.Shared\Codex.Sdk.Shared.projitems*{796aa891-1af9-4949-a817-ebf065ae2312}*SharedItemsImports = 4
		src\Codex.Sdk.Types\Codex.Sdk.Types.projitems*{796aa891-1af9-4949-a817-ebf065ae2312}*SharedItemsImports = 4
		src\Codex.View.Shared\Codex.View.Shared.projitems*{796aa891-1af9-4949-a817-ebf065ae2312}*SharedItemsImports = 4
		..\Ref12\GranularTestApplication\Granular\Granular.Common\Granular.Common.Shared\Granular.Common.Shared.projitems*{87f1fd58-e233-4183-830a-e9e54ba17d68}*SharedItemsImports = 4
		src\Codex.View.Shared\Codex.View.Shared.projitems*{aef02bdc-1c84-4f8d-b1a3-99c760937023}*SharedItemsImports = 4
		src\Codex.Sdk.Shared\Codex.Sdk.Shared.projitems*{d60352c9-9e89-46c0-884d-91640f484aac}*SharedItemsImports = 13
		..\Ref12\GranularTestApplication\Granular\Granular.Presentation\Granular.Presentation.Shared\Granular.Presentation.Shared.projitems*{d858e34b-d0bb-4d30-97ca-6a014564570e}*SharedItemsImports = 13
		..\Ref12\GranularTestApplication\Granular\Granular.Presentation\Granular.Presentation.Shared\Granular.Presentation.Shared.projitems*{dd58ec80-2c0d-45f3-9cc9-5b1783193306}*SharedItemsImports = 4
		src\Codex.Sdk.Types\Codex.Sdk.Types.projitems*{e30939c5-042d-4ec2-817d-c5afc509b330}*SharedItemsImports = 4
		..\Ref12\GranularTestApplication\Granular\Granular.Common\Granular.Common.Shared\Granular.Common.Shared.projitems*{f79ee440-e0c4-43a9-8ddc-33d9ed53e570}*SharedItemsImports = 4
		src\Codex.Sdk.Types\Codex.Sdk.Types.projitems*{f88fb26c-fac3-4d8a-9779-e3475d18ecb1}*SharedItemsImports = 13
	EndGlobalSection
	GlobalSection(SolutionConfigurationPlatforms) = preSolution
		Debug|Any CPU = Debug|Any CPU
		Debug|Mixed Platforms = Debug|Mixed Platforms
		Release|Any CPU = Release|Any CPU
		Release|Mixed Platforms = Release|Mixed Platforms
	EndGlobalSection
	GlobalSection(ProjectConfigurationPlatforms) = postSolution
		{18F9B5DD-54B9-49F3-B788-8A066314BB98}.Debug|Any CPU.ActiveCfg = Debug|Any CPU
		{18F9B5DD-54B9-49F3-B788-8A066314BB98}.Debug|Any CPU.Build.0 = Debug|Any CPU
		{18F9B5DD-54B9-49F3-B788-8A066314BB98}.Debug|Mixed Platforms.ActiveCfg = Debug|Any CPU
		{18F9B5DD-54B9-49F3-B788-8A066314BB98}.Debug|Mixed Platforms.Build.0 = Debug|Any CPU
		{18F9B5DD-54B9-49F3-B788-8A066314BB98}.Release|Any CPU.ActiveCfg = Release|Any CPU
		{18F9B5DD-54B9-49F3-B788-8A066314BB98}.Release|Any CPU.Build.0 = Release|Any CPU
		{18F9B5DD-54B9-49F3-B788-8A066314BB98}.Release|Mixed Platforms.ActiveCfg = Release|Any CPU
		{18F9B5DD-54B9-49F3-B788-8A066314BB98}.Release|Mixed Platforms.Build.0 = Release|Any CPU
		{2322A932-05F4-4931-8547-71377C6AB49E}.Debug|Any CPU.ActiveCfg = Debug|Any CPU
		{2322A932-05F4-4931-8547-71377C6AB49E}.Debug|Any CPU.Build.0 = Debug|Any CPU
		{2322A932-05F4-4931-8547-71377C6AB49E}.Debug|Mixed Platforms.ActiveCfg = Debug|Any CPU
		{2322A932-05F4-4931-8547-71377C6AB49E}.Debug|Mixed Platforms.Build.0 = Debug|Any CPU
		{2322A932-05F4-4931-8547-71377C6AB49E}.Release|Any CPU.ActiveCfg = Release|Any CPU
		{2322A932-05F4-4931-8547-71377C6AB49E}.Release|Any CPU.Build.0 = Release|Any CPU
		{2322A932-05F4-4931-8547-71377C6AB49E}.Release|Mixed Platforms.ActiveCfg = Release|Any CPU
		{2322A932-05F4-4931-8547-71377C6AB49E}.Release|Mixed Platforms.Build.0 = Release|Any CPU
		{2016A682-4D9F-4A65-A03D-D65FF2948269}.Debug|Any CPU.ActiveCfg = Debug|Any CPU
		{2016A682-4D9F-4A65-A03D-D65FF2948269}.Debug|Any CPU.Build.0 = Debug|Any CPU
		{2016A682-4D9F-4A65-A03D-D65FF2948269}.Debug|Mixed Platforms.ActiveCfg = Debug|Any CPU
		{2016A682-4D9F-4A65-A03D-D65FF2948269}.Debug|Mixed Platforms.Build.0 = Debug|Any CPU
		{2016A682-4D9F-4A65-A03D-D65FF2948269}.Release|Any CPU.ActiveCfg = Release|Any CPU
		{2016A682-4D9F-4A65-A03D-D65FF2948269}.Release|Any CPU.Build.0 = Release|Any CPU
		{2016A682-4D9F-4A65-A03D-D65FF2948269}.Release|Mixed Platforms.ActiveCfg = Release|Any CPU
		{2016A682-4D9F-4A65-A03D-D65FF2948269}.Release|Mixed Platforms.Build.0 = Release|Any CPU
		{9C45EDC8-4B6F-4C70-B317-A3B6074A965A}.Debug|Any CPU.ActiveCfg = Debug|Any CPU
		{9C45EDC8-4B6F-4C70-B317-A3B6074A965A}.Debug|Any CPU.Build.0 = Debug|Any CPU
		{9C45EDC8-4B6F-4C70-B317-A3B6074A965A}.Debug|Mixed Platforms.ActiveCfg = Debug|Any CPU
		{9C45EDC8-4B6F-4C70-B317-A3B6074A965A}.Debug|Mixed Platforms.Build.0 = Debug|Any CPU
		{9C45EDC8-4B6F-4C70-B317-A3B6074A965A}.Release|Any CPU.ActiveCfg = Release|Any CPU
		{9C45EDC8-4B6F-4C70-B317-A3B6074A965A}.Release|Any CPU.Build.0 = Release|Any CPU
		{9C45EDC8-4B6F-4C70-B317-A3B6074A965A}.Release|Mixed Platforms.ActiveCfg = Release|Any CPU
		{9C45EDC8-4B6F-4C70-B317-A3B6074A965A}.Release|Mixed Platforms.Build.0 = Release|Any CPU
		{CE20F5F8-917F-4E24-8374-B60B698ACBA6}.Debug|Any CPU.ActiveCfg = Debug|Any CPU
		{CE20F5F8-917F-4E24-8374-B60B698ACBA6}.Debug|Any CPU.Build.0 = Debug|Any CPU
		{CE20F5F8-917F-4E24-8374-B60B698ACBA6}.Debug|Mixed Platforms.ActiveCfg = Debug|Any CPU
		{CE20F5F8-917F-4E24-8374-B60B698ACBA6}.Debug|Mixed Platforms.Build.0 = Debug|Any CPU
		{CE20F5F8-917F-4E24-8374-B60B698ACBA6}.Release|Any CPU.ActiveCfg = Release|Any CPU
		{CE20F5F8-917F-4E24-8374-B60B698ACBA6}.Release|Any CPU.Build.0 = Release|Any CPU
		{CE20F5F8-917F-4E24-8374-B60B698ACBA6}.Release|Mixed Platforms.ActiveCfg = Release|Any CPU
		{CE20F5F8-917F-4E24-8374-B60B698ACBA6}.Release|Mixed Platforms.Build.0 = Release|Any CPU
		{C6454733-C8EE-41A1-88D9-2EDC4012F499}.Debug|Any CPU.ActiveCfg = Debug|Any CPU
		{C6454733-C8EE-41A1-88D9-2EDC4012F499}.Debug|Any CPU.Build.0 = Debug|Any CPU
		{C6454733-C8EE-41A1-88D9-2EDC4012F499}.Debug|Mixed Platforms.ActiveCfg = Debug|Any CPU
		{C6454733-C8EE-41A1-88D9-2EDC4012F499}.Debug|Mixed Platforms.Build.0 = Debug|Any CPU
		{C6454733-C8EE-41A1-88D9-2EDC4012F499}.Release|Any CPU.ActiveCfg = Release|Any CPU
		{C6454733-C8EE-41A1-88D9-2EDC4012F499}.Release|Any CPU.Build.0 = Release|Any CPU
		{C6454733-C8EE-41A1-88D9-2EDC4012F499}.Release|Mixed Platforms.ActiveCfg = Release|Any CPU
		{C6454733-C8EE-41A1-88D9-2EDC4012F499}.Release|Mixed Platforms.Build.0 = Release|Any CPU
		{94BDF7DC-169D-41D7-9FC8-081A9D1D56D2}.Debug|Any CPU.ActiveCfg = Debug|Any CPU
		{94BDF7DC-169D-41D7-9FC8-081A9D1D56D2}.Debug|Any CPU.Build.0 = Debug|Any CPU
		{94BDF7DC-169D-41D7-9FC8-081A9D1D56D2}.Debug|Mixed Platforms.ActiveCfg = Debug|Any CPU
		{94BDF7DC-169D-41D7-9FC8-081A9D1D56D2}.Debug|Mixed Platforms.Build.0 = Debug|Any CPU
		{94BDF7DC-169D-41D7-9FC8-081A9D1D56D2}.Release|Any CPU.ActiveCfg = Release|Any CPU
		{94BDF7DC-169D-41D7-9FC8-081A9D1D56D2}.Release|Any CPU.Build.0 = Release|Any CPU
		{94BDF7DC-169D-41D7-9FC8-081A9D1D56D2}.Release|Mixed Platforms.ActiveCfg = Release|Any CPU
		{94BDF7DC-169D-41D7-9FC8-081A9D1D56D2}.Release|Mixed Platforms.Build.0 = Release|Any CPU
		{4573F8BC-6B87-4526-A815-42F473452F8C}.Debug|Any CPU.ActiveCfg = Debug|Any CPU
		{4573F8BC-6B87-4526-A815-42F473452F8C}.Debug|Any CPU.Build.0 = Debug|Any CPU
		{4573F8BC-6B87-4526-A815-42F473452F8C}.Debug|Mixed Platforms.ActiveCfg = Debug|Any CPU
		{4573F8BC-6B87-4526-A815-42F473452F8C}.Debug|Mixed Platforms.Build.0 = Debug|Any CPU
		{4573F8BC-6B87-4526-A815-42F473452F8C}.Release|Any CPU.ActiveCfg = Release|Any CPU
		{4573F8BC-6B87-4526-A815-42F473452F8C}.Release|Any CPU.Build.0 = Release|Any CPU
		{4573F8BC-6B87-4526-A815-42F473452F8C}.Release|Mixed Platforms.ActiveCfg = Release|Any CPU
		{4573F8BC-6B87-4526-A815-42F473452F8C}.Release|Mixed Platforms.Build.0 = Release|Any CPU
		{F9A05818-6D67-484A-8397-149EA1DEDCDF}.Debug|Any CPU.ActiveCfg = Debug|Any CPU
		{F9A05818-6D67-484A-8397-149EA1DEDCDF}.Debug|Any CPU.Build.0 = Debug|Any CPU
		{F9A05818-6D67-484A-8397-149EA1DEDCDF}.Debug|Mixed Platforms.ActiveCfg = Debug|Any CPU
		{F9A05818-6D67-484A-8397-149EA1DEDCDF}.Debug|Mixed Platforms.Build.0 = Debug|Any CPU
		{F9A05818-6D67-484A-8397-149EA1DEDCDF}.Release|Any CPU.ActiveCfg = Release|Any CPU
		{F9A05818-6D67-484A-8397-149EA1DEDCDF}.Release|Any CPU.Build.0 = Release|Any CPU
		{F9A05818-6D67-484A-8397-149EA1DEDCDF}.Release|Mixed Platforms.ActiveCfg = Release|Any CPU
		{F9A05818-6D67-484A-8397-149EA1DEDCDF}.Release|Mixed Platforms.Build.0 = Release|Any CPU
		{F16A9DE8-193F-4D07-9D86-1DD2FB087A96}.Debug|Any CPU.ActiveCfg = Debug|Any CPU
		{F16A9DE8-193F-4D07-9D86-1DD2FB087A96}.Debug|Any CPU.Build.0 = Debug|Any CPU
		{F16A9DE8-193F-4D07-9D86-1DD2FB087A96}.Debug|Mixed Platforms.ActiveCfg = Debug|Any CPU
		{F16A9DE8-193F-4D07-9D86-1DD2FB087A96}.Debug|Mixed Platforms.Build.0 = Debug|Any CPU
		{F16A9DE8-193F-4D07-9D86-1DD2FB087A96}.Release|Any CPU.ActiveCfg = Release|Any CPU
		{F16A9DE8-193F-4D07-9D86-1DD2FB087A96}.Release|Any CPU.Build.0 = Release|Any CPU
		{F16A9DE8-193F-4D07-9D86-1DD2FB087A96}.Release|Mixed Platforms.ActiveCfg = Release|Any CPU
		{F16A9DE8-193F-4D07-9D86-1DD2FB087A96}.Release|Mixed Platforms.Build.0 = Release|Any CPU
		{AEF02BDC-1C84-4F8D-B1A3-99C760937023}.Debug|Any CPU.ActiveCfg = Debug|Any CPU
		{AEF02BDC-1C84-4F8D-B1A3-99C760937023}.Debug|Any CPU.Build.0 = Debug|Any CPU
		{AEF02BDC-1C84-4F8D-B1A3-99C760937023}.Debug|Mixed Platforms.ActiveCfg = Debug|Any CPU
		{AEF02BDC-1C84-4F8D-B1A3-99C760937023}.Debug|Mixed Platforms.Build.0 = Debug|Any CPU
		{AEF02BDC-1C84-4F8D-B1A3-99C760937023}.Release|Any CPU.ActiveCfg = Release|Any CPU
		{AEF02BDC-1C84-4F8D-B1A3-99C760937023}.Release|Any CPU.Build.0 = Release|Any CPU
		{AEF02BDC-1C84-4F8D-B1A3-99C760937023}.Release|Mixed Platforms.ActiveCfg = Release|Any CPU
		{AEF02BDC-1C84-4F8D-B1A3-99C760937023}.Release|Mixed Platforms.Build.0 = Release|Any CPU
		{CD028A30-EF26-44DE-884B-6D9C41C39D64}.Debug|Any CPU.ActiveCfg = Debug|Any CPU
		{CD028A30-EF26-44DE-884B-6D9C41C39D64}.Debug|Any CPU.Build.0 = Debug|Any CPU
		{CD028A30-EF26-44DE-884B-6D9C41C39D64}.Debug|Mixed Platforms.ActiveCfg = Debug|Any CPU
		{CD028A30-EF26-44DE-884B-6D9C41C39D64}.Debug|Mixed Platforms.Build.0 = Debug|Any CPU
		{CD028A30-EF26-44DE-884B-6D9C41C39D64}.Release|Any CPU.ActiveCfg = Release|Any CPU
		{CD028A30-EF26-44DE-884B-6D9C41C39D64}.Release|Any CPU.Build.0 = Release|Any CPU
		{CD028A30-EF26-44DE-884B-6D9C41C39D64}.Release|Mixed Platforms.ActiveCfg = Release|Any CPU
		{CD028A30-EF26-44DE-884B-6D9C41C39D64}.Release|Mixed Platforms.Build.0 = Release|Any CPU
		{796AA891-1AF9-4949-A817-EBF065AE2312}.Debug|Any CPU.ActiveCfg = Debug|Any CPU
		{796AA891-1AF9-4949-A817-EBF065AE2312}.Debug|Any CPU.Build.0 = Debug|Any CPU
		{796AA891-1AF9-4949-A817-EBF065AE2312}.Debug|Mixed Platforms.ActiveCfg = Debug|Any CPU
		{796AA891-1AF9-4949-A817-EBF065AE2312}.Debug|Mixed Platforms.Build.0 = Debug|Any CPU
		{796AA891-1AF9-4949-A817-EBF065AE2312}.Release|Any CPU.ActiveCfg = Release|Any CPU
		{796AA891-1AF9-4949-A817-EBF065AE2312}.Release|Any CPU.Build.0 = Release|Any CPU
		{796AA891-1AF9-4949-A817-EBF065AE2312}.Release|Mixed Platforms.ActiveCfg = Release|Any CPU
		{796AA891-1AF9-4949-A817-EBF065AE2312}.Release|Mixed Platforms.Build.0 = Release|Any CPU
		{E30939C5-042D-4EC2-817D-C5AFC509B330}.Debug|Any CPU.ActiveCfg = Debug|Any CPU
		{E30939C5-042D-4EC2-817D-C5AFC509B330}.Debug|Any CPU.Build.0 = Debug|Any CPU
		{E30939C5-042D-4EC2-817D-C5AFC509B330}.Debug|Mixed Platforms.ActiveCfg = Debug|Any CPU
		{E30939C5-042D-4EC2-817D-C5AFC509B330}.Debug|Mixed Platforms.Build.0 = Debug|Any CPU
		{E30939C5-042D-4EC2-817D-C5AFC509B330}.Release|Any CPU.ActiveCfg = Release|Any CPU
		{E30939C5-042D-4EC2-817D-C5AFC509B330}.Release|Any CPU.Build.0 = Release|Any CPU
		{E30939C5-042D-4EC2-817D-C5AFC509B330}.Release|Mixed Platforms.ActiveCfg = Release|Any CPU
		{E30939C5-042D-4EC2-817D-C5AFC509B330}.Release|Mixed Platforms.Build.0 = Release|Any CPU
		{8EDF4429-251A-416D-BB68-93F227191BCF}.Debug|Any CPU.ActiveCfg = Debug|Any CPU
		{8EDF4429-251A-416D-BB68-93F227191BCF}.Debug|Any CPU.Build.0 = Debug|Any CPU
		{8EDF4429-251A-416D-BB68-93F227191BCF}.Debug|Mixed Platforms.ActiveCfg = Debug|Any CPU
		{8EDF4429-251A-416D-BB68-93F227191BCF}.Debug|Mixed Platforms.Build.0 = Debug|Any CPU
		{8EDF4429-251A-416D-BB68-93F227191BCF}.Release|Any CPU.ActiveCfg = Release|Any CPU
		{8EDF4429-251A-416D-BB68-93F227191BCF}.Release|Any CPU.Build.0 = Release|Any CPU
		{8EDF4429-251A-416D-BB68-93F227191BCF}.Release|Mixed Platforms.ActiveCfg = Release|Any CPU
		{8EDF4429-251A-416D-BB68-93F227191BCF}.Release|Mixed Platforms.Build.0 = Release|Any CPU
		{0C89F949-AE1D-4137-9629-438735A111C3}.Debug|Any CPU.ActiveCfg = Debug|Any CPU
		{0C89F949-AE1D-4137-9629-438735A111C3}.Debug|Any CPU.Build.0 = Debug|Any CPU
		{0C89F949-AE1D-4137-9629-438735A111C3}.Debug|Mixed Platforms.ActiveCfg = Debug|Any CPU
		{0C89F949-AE1D-4137-9629-438735A111C3}.Debug|Mixed Platforms.Build.0 = Debug|Any CPU
		{0C89F949-AE1D-4137-9629-438735A111C3}.Release|Any CPU.ActiveCfg = Release|Any CPU
		{0C89F949-AE1D-4137-9629-438735A111C3}.Release|Any CPU.Build.0 = Release|Any CPU
		{0C89F949-AE1D-4137-9629-438735A111C3}.Release|Mixed Platforms.ActiveCfg = Release|Any CPU
		{0C89F949-AE1D-4137-9629-438735A111C3}.Release|Mixed Platforms.Build.0 = Release|Any CPU
		{EA705293-ABA7-4B57-9BC4-FDC1F1FC6CA8}.Debug|Any CPU.ActiveCfg = Debug|Any CPU
		{EA705293-ABA7-4B57-9BC4-FDC1F1FC6CA8}.Debug|Any CPU.Build.0 = Debug|Any CPU
		{EA705293-ABA7-4B57-9BC4-FDC1F1FC6CA8}.Debug|Mixed Platforms.ActiveCfg = Debug|Any CPU
		{EA705293-ABA7-4B57-9BC4-FDC1F1FC6CA8}.Debug|Mixed Platforms.Build.0 = Debug|Any CPU
		{EA705293-ABA7-4B57-9BC4-FDC1F1FC6CA8}.Release|Any CPU.ActiveCfg = Release|Any CPU
		{EA705293-ABA7-4B57-9BC4-FDC1F1FC6CA8}.Release|Any CPU.Build.0 = Release|Any CPU
		{EA705293-ABA7-4B57-9BC4-FDC1F1FC6CA8}.Release|Mixed Platforms.ActiveCfg = Release|Any CPU
		{EA705293-ABA7-4B57-9BC4-FDC1F1FC6CA8}.Release|Mixed Platforms.Build.0 = Release|Any CPU
		{14EC400C-E6B9-499B-9970-57B34AF24A4B}.Debug|Any CPU.ActiveCfg = Debug|Any CPU
		{14EC400C-E6B9-499B-9970-57B34AF24A4B}.Debug|Any CPU.Build.0 = Debug|Any CPU
		{14EC400C-E6B9-499B-9970-57B34AF24A4B}.Debug|Mixed Platforms.ActiveCfg = Debug|Any CPU
		{14EC400C-E6B9-499B-9970-57B34AF24A4B}.Debug|Mixed Platforms.Build.0 = Debug|Any CPU
		{14EC400C-E6B9-499B-9970-57B34AF24A4B}.Release|Any CPU.ActiveCfg = Release|Any CPU
		{14EC400C-E6B9-499B-9970-57B34AF24A4B}.Release|Any CPU.Build.0 = Release|Any CPU
		{14EC400C-E6B9-499B-9970-57B34AF24A4B}.Release|Mixed Platforms.ActiveCfg = Release|Any CPU
		{14EC400C-E6B9-499B-9970-57B34AF24A4B}.Release|Mixed Platforms.Build.0 = Release|Any CPU
		{ED2AE8A5-DEC3-4829-93A8-834A8833EC26}.Debug|Any CPU.ActiveCfg = Debug|Any CPU
		{ED2AE8A5-DEC3-4829-93A8-834A8833EC26}.Debug|Any CPU.Build.0 = Debug|Any CPU
		{ED2AE8A5-DEC3-4829-93A8-834A8833EC26}.Debug|Mixed Platforms.ActiveCfg = Debug|Any CPU
		{ED2AE8A5-DEC3-4829-93A8-834A8833EC26}.Debug|Mixed Platforms.Build.0 = Debug|Any CPU
		{ED2AE8A5-DEC3-4829-93A8-834A8833EC26}.Release|Any CPU.ActiveCfg = Release|Any CPU
		{ED2AE8A5-DEC3-4829-93A8-834A8833EC26}.Release|Any CPU.Build.0 = Release|Any CPU
		{ED2AE8A5-DEC3-4829-93A8-834A8833EC26}.Release|Mixed Platforms.ActiveCfg = Release|Any CPU
		{ED2AE8A5-DEC3-4829-93A8-834A8833EC26}.Release|Mixed Platforms.Build.0 = Release|Any CPU
		{E3353831-9653-4F3A-B0FF-56D179235A43}.Debug|Any CPU.ActiveCfg = Debug|Any CPU
		{E3353831-9653-4F3A-B0FF-56D179235A43}.Debug|Any CPU.Build.0 = Debug|Any CPU
		{E3353831-9653-4F3A-B0FF-56D179235A43}.Debug|Mixed Platforms.ActiveCfg = Debug|Any CPU
		{E3353831-9653-4F3A-B0FF-56D179235A43}.Debug|Mixed Platforms.Build.0 = Debug|Any CPU
		{E3353831-9653-4F3A-B0FF-56D179235A43}.Release|Any CPU.ActiveCfg = Release|Any CPU
		{E3353831-9653-4F3A-B0FF-56D179235A43}.Release|Any CPU.Build.0 = Release|Any CPU
		{E3353831-9653-4F3A-B0FF-56D179235A43}.Release|Mixed Platforms.ActiveCfg = Release|Any CPU
		{E3353831-9653-4F3A-B0FF-56D179235A43}.Release|Mixed Platforms.Build.0 = Release|Any CPU
		{DD58EC80-2C0D-45F3-9CC9-5B1783193306}.Debug|Any CPU.ActiveCfg = Debug|Any CPU
		{DD58EC80-2C0D-45F3-9CC9-5B1783193306}.Debug|Any CPU.Build.0 = Debug|Any CPU
		{DD58EC80-2C0D-45F3-9CC9-5B1783193306}.Debug|Mixed Platforms.ActiveCfg = Debug|Any CPU
		{DD58EC80-2C0D-45F3-9CC9-5B1783193306}.Debug|Mixed Platforms.Build.0 = Debug|Any CPU
		{DD58EC80-2C0D-45F3-9CC9-5B1783193306}.Release|Any CPU.ActiveCfg = Release|Any CPU
		{DD58EC80-2C0D-45F3-9CC9-5B1783193306}.Release|Any CPU.Build.0 = Release|Any CPU
		{DD58EC80-2C0D-45F3-9CC9-5B1783193306}.Release|Mixed Platforms.ActiveCfg = Release|Any CPU
		{DD58EC80-2C0D-45F3-9CC9-5B1783193306}.Release|Mixed Platforms.Build.0 = Release|Any CPU
		{FB4FBB48-CACB-49FA-898F-154A8A9233D1}.Debug|Any CPU.ActiveCfg = Debug|Any CPU
		{FB4FBB48-CACB-49FA-898F-154A8A9233D1}.Debug|Any CPU.Build.0 = Debug|Any CPU
		{FB4FBB48-CACB-49FA-898F-154A8A9233D1}.Debug|Mixed Platforms.ActiveCfg = Debug|Any CPU
		{FB4FBB48-CACB-49FA-898F-154A8A9233D1}.Debug|Mixed Platforms.Build.0 = Debug|Any CPU
		{FB4FBB48-CACB-49FA-898F-154A8A9233D1}.Release|Any CPU.ActiveCfg = Release|Any CPU
		{FB4FBB48-CACB-49FA-898F-154A8A9233D1}.Release|Any CPU.Build.0 = Release|Any CPU
		{FB4FBB48-CACB-49FA-898F-154A8A9233D1}.Release|Mixed Platforms.ActiveCfg = Release|Any CPU
		{FB4FBB48-CACB-49FA-898F-154A8A9233D1}.Release|Mixed Platforms.Build.0 = Release|Any CPU
		{21053C1F-6C25-4119-8FD6-0FA73332168E}.Debug|Any CPU.ActiveCfg = Debug|Any CPU
		{21053C1F-6C25-4119-8FD6-0FA73332168E}.Debug|Any CPU.Build.0 = Debug|Any CPU
		{21053C1F-6C25-4119-8FD6-0FA73332168E}.Debug|Mixed Platforms.ActiveCfg = Debug|Any CPU
		{21053C1F-6C25-4119-8FD6-0FA73332168E}.Debug|Mixed Platforms.Build.0 = Debug|Any CPU
		{21053C1F-6C25-4119-8FD6-0FA73332168E}.Release|Any CPU.ActiveCfg = Release|Any CPU
		{21053C1F-6C25-4119-8FD6-0FA73332168E}.Release|Any CPU.Build.0 = Release|Any CPU
		{21053C1F-6C25-4119-8FD6-0FA73332168E}.Release|Mixed Platforms.ActiveCfg = Release|Any CPU
		{21053C1F-6C25-4119-8FD6-0FA73332168E}.Release|Mixed Platforms.Build.0 = Release|Any CPU
		{87F1FD58-E233-4183-830A-E9E54BA17D68}.Debug|Any CPU.ActiveCfg = Debug|Any CPU
		{87F1FD58-E233-4183-830A-E9E54BA17D68}.Debug|Any CPU.Build.0 = Debug|Any CPU
		{87F1FD58-E233-4183-830A-E9E54BA17D68}.Debug|Mixed Platforms.ActiveCfg = Debug|Any CPU
		{87F1FD58-E233-4183-830A-E9E54BA17D68}.Debug|Mixed Platforms.Build.0 = Debug|Any CPU
		{87F1FD58-E233-4183-830A-E9E54BA17D68}.Release|Any CPU.ActiveCfg = Release|Any CPU
		{87F1FD58-E233-4183-830A-E9E54BA17D68}.Release|Any CPU.Build.0 = Release|Any CPU
		{87F1FD58-E233-4183-830A-E9E54BA17D68}.Release|Mixed Platforms.ActiveCfg = Release|Any CPU
		{87F1FD58-E233-4183-830A-E9E54BA17D68}.Release|Mixed Platforms.Build.0 = Release|Any CPU
		{F79EE440-E0C4-43A9-8DDC-33D9ED53E570}.Debug|Any CPU.ActiveCfg = Debug|Any CPU
		{F79EE440-E0C4-43A9-8DDC-33D9ED53E570}.Debug|Any CPU.Build.0 = Debug|Any CPU
		{F79EE440-E0C4-43A9-8DDC-33D9ED53E570}.Debug|Mixed Platforms.ActiveCfg = Debug|Any CPU
		{F79EE440-E0C4-43A9-8DDC-33D9ED53E570}.Debug|Mixed Platforms.Build.0 = Debug|Any CPU
		{F79EE440-E0C4-43A9-8DDC-33D9ED53E570}.Release|Any CPU.ActiveCfg = Release|Any CPU
		{F79EE440-E0C4-43A9-8DDC-33D9ED53E570}.Release|Any CPU.Build.0 = Release|Any CPU
		{F79EE440-E0C4-43A9-8DDC-33D9ED53E570}.Release|Mixed Platforms.ActiveCfg = Release|Any CPU
		{F79EE440-E0C4-43A9-8DDC-33D9ED53E570}.Release|Mixed Platforms.Build.0 = Release|Any CPU
		{7C5DB244-27E2-4E11-B077-01D7AA271E18}.Debug|Any CPU.ActiveCfg = Debug|Any CPU
		{7C5DB244-27E2-4E11-B077-01D7AA271E18}.Debug|Any CPU.Build.0 = Debug|Any CPU
		{7C5DB244-27E2-4E11-B077-01D7AA271E18}.Debug|Mixed Platforms.ActiveCfg = Debug|Any CPU
		{7C5DB244-27E2-4E11-B077-01D7AA271E18}.Debug|Mixed Platforms.Build.0 = Debug|Any CPU
		{7C5DB244-27E2-4E11-B077-01D7AA271E18}.Release|Any CPU.ActiveCfg = Release|Any CPU
		{7C5DB244-27E2-4E11-B077-01D7AA271E18}.Release|Any CPU.Build.0 = Release|Any CPU
		{7C5DB244-27E2-4E11-B077-01D7AA271E18}.Release|Mixed Platforms.ActiveCfg = Release|Any CPU
		{7C5DB244-27E2-4E11-B077-01D7AA271E18}.Release|Mixed Platforms.Build.0 = Release|Any CPU
		{FCD911F0-AFFB-4810-9816-6E67382C0D3C}.Debug|Any CPU.ActiveCfg = Debug|Any CPU
		{FCD911F0-AFFB-4810-9816-6E67382C0D3C}.Debug|Any CPU.Build.0 = Debug|Any CPU
		{FCD911F0-AFFB-4810-9816-6E67382C0D3C}.Debug|Mixed Platforms.ActiveCfg = Debug|Any CPU
		{FCD911F0-AFFB-4810-9816-6E67382C0D3C}.Debug|Mixed Platforms.Build.0 = Debug|Any CPU
		{FCD911F0-AFFB-4810-9816-6E67382C0D3C}.Release|Any CPU.ActiveCfg = Release|Any CPU
		{FCD911F0-AFFB-4810-9816-6E67382C0D3C}.Release|Any CPU.Build.0 = Release|Any CPU
		{FCD911F0-AFFB-4810-9816-6E67382C0D3C}.Release|Mixed Platforms.ActiveCfg = Release|Any CPU
		{FCD911F0-AFFB-4810-9816-6E67382C0D3C}.Release|Mixed Platforms.Build.0 = Release|Any CPU
	EndGlobalSection
	GlobalSection(SolutionProperties) = preSolution
		HideSolutionNode = FALSE
	EndGlobalSection
	GlobalSection(NestedProjects) = preSolution
		{CE20F5F8-917F-4E24-8374-B60B698ACBA6} = {5B49B5ED-0C4F-47DD-8D72-6BD21518E7FD}
		{C6454733-C8EE-41A1-88D9-2EDC4012F499} = {5B49B5ED-0C4F-47DD-8D72-6BD21518E7FD}
		{94BDF7DC-169D-41D7-9FC8-081A9D1D56D2} = {5B49B5ED-0C4F-47DD-8D72-6BD21518E7FD}
		{F9A05818-6D67-484A-8397-149EA1DEDCDF} = {5B49B5ED-0C4F-47DD-8D72-6BD21518E7FD}
		{F16A9DE8-193F-4D07-9D86-1DD2FB087A96} = {67C77F61-548B-4B26-96CE-E8C6B924785B}
		{67C77F61-548B-4B26-96CE-E8C6B924785B} = {93A34DFC-EDAD-41A7-ACCC-8102695590DD}
		{AEF02BDC-1C84-4F8D-B1A3-99C760937023} = {55E4316A-8074-44D6-9DB1-91404CDF2432}
		{CD028A30-EF26-44DE-884B-6D9C41C39D64} = {5B49B5ED-0C4F-47DD-8D72-6BD21518E7FD}
		{796AA891-1AF9-4949-A817-EBF065AE2312} = {55E4316A-8074-44D6-9DB1-91404CDF2432}
		{E30939C5-042D-4EC2-817D-C5AFC509B330} = {5B49B5ED-0C4F-47DD-8D72-6BD21518E7FD}
		{8EDF4429-251A-416D-BB68-93F227191BCF} = {7F4060A4-602D-4A7C-8ACF-7956D9F8D757}
		{0C89F949-AE1D-4137-9629-438735A111C3} = {55E4316A-8074-44D6-9DB1-91404CDF2432}
		{5CF2582D-E804-4283-89B5-677B3A41F363} = {55E4316A-8074-44D6-9DB1-91404CDF2432}
		{EA705293-ABA7-4B57-9BC4-FDC1F1FC6CA8} = {25E4BE1A-D5A5-45B4-B612-F524C796082E}
		{14EC400C-E6B9-499B-9970-57B34AF24A4B} = {5C682D0E-CDEA-4DC5-A40D-359114D25E38}
		{ED2AE8A5-DEC3-4829-93A8-834A8833EC26} = {5C682D0E-CDEA-4DC5-A40D-359114D25E38}
		{E3353831-9653-4F3A-B0FF-56D179235A43} = {5C682D0E-CDEA-4DC5-A40D-359114D25E38}
		{DD58EC80-2C0D-45F3-9CC9-5B1783193306} = {5C682D0E-CDEA-4DC5-A40D-359114D25E38}
		{FB4FBB48-CACB-49FA-898F-154A8A9233D1} = {5C682D0E-CDEA-4DC5-A40D-359114D25E38}
		{21053C1F-6C25-4119-8FD6-0FA73332168E} = {5C682D0E-CDEA-4DC5-A40D-359114D25E38}
		{87F1FD58-E233-4183-830A-E9E54BA17D68} = {5C682D0E-CDEA-4DC5-A40D-359114D25E38}
		{F79EE440-E0C4-43A9-8DDC-33D9ED53E570} = {5C682D0E-CDEA-4DC5-A40D-359114D25E38}
		{7C5DB244-27E2-4E11-B077-01D7AA271E18} = {55E4316A-8074-44D6-9DB1-91404CDF2432}
		{762F0EF4-8B66-4F3D-82E6-0904079FA925} = {5C682D0E-CDEA-4DC5-A40D-359114D25E38}
		{D858E34B-D0BB-4D30-97CA-6A014564570E} = {5C682D0E-CDEA-4DC5-A40D-359114D25E38}
		{FCD911F0-AFFB-4810-9816-6E67382C0D3C} = {5B49B5ED-0C4F-47DD-8D72-6BD21518E7FD}
	EndGlobalSection
	GlobalSection(ExtensibilityGlobals) = postSolution
		SolutionGuid = {BA03C0DC-5D0A-4126-9F26-77704FB5FD5B}
	EndGlobalSection
	GlobalSection(Performance) = preSolution
		HasPerformanceSessions = true
	EndGlobalSection
	GlobalSection(Performance) = preSolution
		HasPerformanceSessions = true
	EndGlobalSection
	GlobalSection(TestCaseManagementSettings) = postSolution
		CategoryFile = Granular.vsmdi
	EndGlobalSection
EndGlobal
