
Microsoft Visual Studio Solution File, Format Version 12.00
# Visual Studio Version 16
VisualStudioVersion = 16.0.29324.140
MinimumVisualStudioVersion = 10.0.40219.1
Project("{9A19103F-16F7-4668-BE54-9A1E7A4F7556}") = "Codex", "..\Codex\Codex.csproj", "{18F9B5DD-54B9-49F3-B788-8A066314BB98}"
EndProject
Project("{9A19103F-16F7-4668-BE54-9A1E7A4F7556}") = "Codex.Sdk", "..\Codex.Sdk\Codex.Sdk.csproj", "{2322A932-05F4-4931-8547-71377C6AB49E}"
EndProject
Project("{9A19103F-16F7-4668-BE54-9A1E7A4F7556}") = "Codex.Analysis", "..\Codex.Analysis\Codex.Analysis.csproj", "{2016A682-4D9F-4A65-A03D-D65FF2948269}"
EndProject
Project("{9A19103F-16F7-4668-BE54-9A1E7A4F7556}") = "Codex.Analysis.Managed", "..\Codex.Analysis.Managed\Codex.Analysis.Managed.csproj", "{9C45EDC8-4B6F-4C70-B317-A3B6074A965A}"
EndProject
Project("{9A19103F-16F7-4668-BE54-9A1E7A4F7556}") = "Codex.Analysis.Managed.Decompilation", "..\Codex.Analysis.Managed.Decompilation\Codex.Analysis.Managed.Decompilation.csproj", "{CE20F5F8-917F-4E24-8374-B60B698ACBA6}"
EndProject
Project("{9A19103F-16F7-4668-BE54-9A1E7A4F7556}") = "Codex.Decompilation", "..\Codex.Decompilation\Codex.Decompilation.csproj", "{C6454733-C8EE-41A1-88D9-2EDC4012F499}"
EndProject
Project("{9A19103F-16F7-4668-BE54-9A1E7A4F7556}") = "Codex.Decompilation.Perspective", "..\Codex.Decompilation.Perspective\Codex.Decompilation.Perspective.csproj", "{94BDF7DC-169D-41D7-9FC8-081A9D1D56D2}"
EndProject
Project("{9A19103F-16F7-4668-BE54-9A1E7A4F7556}") = "Codex.ElasticSearch", "..\Codex.ElasticSearch\Codex.ElasticSearch.csproj", "{4573F8BC-6B87-4526-A815-42F473452F8C}"
EndProject
Project("{9A19103F-16F7-4668-BE54-9A1E7A4F7556}") = "Perspectil", "..\Perspectil\Perspectil.csproj", "{F9A05818-6D67-484A-8397-149EA1DEDCDF}"
EndProject
Project("{2150E333-8FDC-42A3-9474-1A3956D46DE8}") = "Documents", "Documents", "{64FF0049-1E2B-4929-B944-EFF99A45C910}"
	ProjectSection(SolutionItems) = preProject
		..\..\Ingestion.txt = ..\..\Ingestion.txt
		..\..\nuget.config = ..\..\nuget.config
		..\..\runcodex.bat = ..\..\runcodex.bat
		..\..\docs\SpaceBenchmark.txt = ..\..\docs\SpaceBenchmark.txt
		..\TestProjects\testcodex.bat = ..\TestProjects\testcodex.bat
		..\..\TODO.txt = ..\..\TODO.txt
		..\..\vsts-ci.yml = ..\..\vsts-ci.yml
	EndProjectSection
EndProject
Project("{9A19103F-16F7-4668-BE54-9A1E7A4F7556}") = "CodexTestCSharpLibrary", "..\TestProjects\CodexTestRepo\CodexTestCSharpLibrary\CodexTestCSharpLibrary.csproj", "{F16A9DE8-193F-4D07-9D86-1DD2FB087A96}"
EndProject
Project("{2150E333-8FDC-42A3-9474-1A3956D46DE8}") = "TestProjects", "TestProjects", "{93A34DFC-EDAD-41A7-ACCC-8102695590DD}"
EndProject
Project("{2150E333-8FDC-42A3-9474-1A3956D46DE8}") = "CodexTestRepo", "CodexTestRepo", "{67C77F61-548B-4B26-96CE-E8C6B924785B}"
EndProject
Project("{2150E333-8FDC-42A3-9474-1A3956D46DE8}") = "Advanced", "Advanced", "{5B49B5ED-0C4F-47DD-8D72-6BD21518E7FD}"
EndProject
Project("{9A19103F-16F7-4668-BE54-9A1E7A4F7556}") = "Codex.Analysis.External", "..\Codex.Analysis.External\Codex.Analysis.External.csproj", "{CD028A30-EF26-44DE-884B-6D9C41C39D64}"
EndProject
Project("{9A19103F-16F7-4668-BE54-9A1E7A4F7556}") = "Codex.Framework.Generation", "..\Codex.Framework.Generation\Codex.Framework.Generation.csproj", "{E30939C5-042D-4EC2-817D-C5AFC509B330}"
EndProject
Project("{D954291E-2A0B-460D-934E-DC6B0785DB48}") = "Codex.Sdk.Types", "..\Codex.Sdk.Types\Codex.Sdk.Types.shproj", "{F88FB26C-FAC3-4D8A-9779-E3475D18ECB1}"
EndProject
Project("{2150E333-8FDC-42A3-9474-1A3956D46DE8}") = "Tests", "Tests", "{7F4060A4-602D-4A7C-8ACF-7956D9F8D757}"
EndProject
Project("{9A19103F-16F7-4668-BE54-9A1E7A4F7556}") = "Codex.ElasticSearch.Tests", "..\Codex.ElasticSearch.Tests\Codex.ElasticSearch.Tests.csproj", "{8EDF4429-251A-416D-BB68-93F227191BCF}"
EndProject
Project("{D954291E-2A0B-460D-934E-DC6B0785DB48}") = "Codex.Sdk.Shared", "..\Codex.Sdk.Shared\Codex.Sdk.Shared.shproj", "{D60352C9-9E89-46C0-884D-91640F484AAC}"
EndProject
Project("{9A19103F-16F7-4668-BE54-9A1E7A4F7556}") = "Codex.Web", "..\Codex.Web\Codex.Web.csproj", "{EA705293-ABA7-4B57-9BC4-FDC1F1FC6CA8}"
EndProject
Project("{2150E333-8FDC-42A3-9474-1A3956D46DE8}") = "Web", "Web", "{25E4BE1A-D5A5-45B4-B612-F524C796082E}"
EndProject
Project("{9A19103F-16F7-4668-BE54-9A1E7A4F7556}") = "Codex.Generator", "..\Codex.Generator\Codex.Generator.csproj", "{FCD911F0-AFFB-4810-9816-6E67382C0D3C}"
EndProject
Project("{9A19103F-16F7-4668-BE54-9A1E7A4F7556}") = "Codex.Build.Nuget", "..\Codex.Build.Nuget\Codex.Build.Nuget.csproj", "{38044DCA-2FF6-4579-B06E-46BF7401D0B2}"
EndProject
Project("{9A19103F-16F7-4668-BE54-9A1E7A4F7556}") = "Codex.ElasticSearch.Legacy", "..\Codex.ElasticSearch.Legacy\Codex.ElasticSearch.Legacy.csproj", "{7001F919-92BB-46DB-9647-66D492EF0E86}"
EndProject
Project("{FAE04EC0-301F-11D3-BF4B-00C04F79EFBC}") = "Codex.Web.Monaco", "..\Codex.Web.Monaco\Codex.Web.Monaco.csproj", "{BC4A8ABD-8848-4544-9F7C-FC98E3A89DF2}"
EndProject
Project("{9A19103F-16F7-4668-BE54-9A1E7A4F7556}") = "Codex.Downloader", "..\Codex.Downloader\Codex.Downloader.csproj", "{4E426B71-BC07-498D-879F-F320E3208A32}"
EndProject
Project("{9A19103F-16F7-4668-BE54-9A1E7A4F7556}") = "Codex.Automation.Workflow", "..\Codex.Automation.Workflow\Codex.Automation.Workflow.csproj", "{9B0F9558-E181-4972-BE12-70C18B64061A}"
EndProject
Project("{9A19103F-16F7-4668-BE54-9A1E7A4F7556}") = "Codex.Ingester", "..\Codex.Ingester\Codex.Ingester.csproj", "{13BCFB1A-C0C5-453F-9FC2-733C0FF0F116}"
EndProject
Project("{9A19103F-16F7-4668-BE54-9A1E7A4F7556}") = "Codex.Registrar", "..\Codex.Registrar\Codex.Registrar.csproj", "{F9CFC913-31E3-47F8-8755-F7EDCA64B4B9}"
EndProject
Project("{9A19103F-16F7-4668-BE54-9A1E7A4F7556}") = "Codex.Build.Tasks", "..\Codex.Build.Tasks\Codex.Build.Tasks.csproj", "{A649607D-BF0E-4727-A7D0-B2D6376A618F}"
EndProject
Project("{9A19103F-16F7-4668-BE54-9A1E7A4F7556}") = "Codex.Web.Mvc", "..\Codex.Web.Mvc\Codex.Web.Mvc.csproj", "{0F9A2532-D41C-4D23-8BBF-A20BA5BF4F3A}"
EndProject
Project("{9A19103F-16F7-4668-BE54-9A1E7A4F7556}") = "Codex.Containers", "..\containers\Codex.Containers.csproj", "{06E84034-B80F-4925-ABF7-FA4B8153B159}"
EndProject
Project("{9A19103F-16F7-4668-BE54-9A1E7A4F7556}") = "Codex.Integration.Tests", "..\Codex.Integration.Tests\Codex.Integration.Tests.csproj", "{1DBEB2CF-0424-4382-9B9B-4E74B7C0D910}"
EndProject
Project("{9A19103F-16F7-4668-BE54-9A1E7A4F7556}") = "Codex.Rewriter", "..\Codex.Rewriter\Codex.Rewriter.csproj", "{AC9D5AAE-0D00-46F0-86D7-71EF4F262B5B}"
EndProject
Project("{9A19103F-16F7-4668-BE54-9A1E7A4F7556}") = "Codex.Storage", "..\Codex.Storage\Codex.Storage.csproj", "{917DD395-621A-4331-89F9-B2B5CFBAE7E9}"
EndProject
Project("{9A19103F-16F7-4668-BE54-9A1E7A4F7556}") = "Codex.ElasticSearch.Net.Legacy", "..\Codex.ElasticSearch.Net.Legacy\Codex.ElasticSearch.Net.Legacy.csproj", "{A5A46612-D516-45E9-9346-EED79252485E}"
EndProject
Project("{9A19103F-16F7-4668-BE54-9A1E7A4F7556}") = "Codex.Lucene", "..\Codex.Lucene\Codex.Lucene.csproj", "{AD6D5564-875E-40C6-B19C-FD6F9C41910A}"
EndProject
Project("{2150E333-8FDC-42A3-9474-1A3956D46DE8}") = "View", "View", "{C8B0A387-2D39-4011-BA80-8CA997384279}"
EndProject
Project("{D954291E-2A0B-460D-934E-DC6B0785DB48}") = "Codex.View.Shared", "Codex.View\Codex.View.Shared\Codex.View.Shared.shproj", "{6279C845-92F8-4333-AB99-3D213163593C}"
EndProject
Project("{FAE04EC0-301F-11D3-BF4B-00C04F79EFBC}") = "Codex.View.UWP", "Codex.View\Codex.View.UWP\Codex.View.UWP.csproj", "{1915A167-5C97-4BC4-91E9-1DA73F1B1374}"
EndProject
Project("{FAE04EC0-301F-11D3-BF4B-00C04F79EFBC}") = "Codex.View.Wasm", "Codex.View\Codex.View.Wasm\Codex.View.Wasm.csproj", "{37B618C5-A7C7-435C-9C5E-E7936D394B2E}"
EndProject
Global
	GlobalSection(SharedMSBuildProjectFiles) = preSolution
		Codex.View\Codex.View.Shared\Codex.View.Shared.projitems*{1915a167-5c97-4bc4-91e9-1da73f1b1374}*SharedItemsImports = 4
		..\Codex.Sdk.Shared\Codex.Sdk.Shared.projitems*{2322a932-05f4-4931-8547-71377c6ab49e}*SharedItemsImports = 5
		..\Codex.Sdk.Types\Codex.Sdk.Types.projitems*{2322a932-05f4-4931-8547-71377c6ab49e}*SharedItemsImports = 5
		Codex.View\Codex.View.Shared\Codex.View.Shared.projitems*{37b618c5-a7c7-435c-9c5e-e7936d394b2e}*SharedItemsImports = 5
		Codex.View\Codex.View.Shared\Codex.View.Shared.projitems*{6279c845-92f8-4333-ab99-3d213163593c}*SharedItemsImports = 13
		..\Codex.Sdk.Shared\Codex.Sdk.Shared.projitems*{d60352c9-9e89-46c0-884d-91640f484aac}*SharedItemsImports = 13
		..\Codex.Sdk.Types\Codex.Sdk.Types.projitems*{e30939c5-042d-4ec2-817d-c5afc509b330}*SharedItemsImports = 5
		..\Codex.Sdk.Types\Codex.Sdk.Types.projitems*{f88fb26c-fac3-4d8a-9779-e3475d18ecb1}*SharedItemsImports = 13
	EndGlobalSection
	GlobalSection(SolutionConfigurationPlatforms) = preSolution
		Debug|Any CPU = Debug|Any CPU
		Debug|ARM = Debug|ARM
		Debug|x64 = Debug|x64
		Debug|x86 = Debug|x86
		Release|Any CPU = Release|Any CPU
		Release|ARM = Release|ARM
		Release|x64 = Release|x64
		Release|x86 = Release|x86
	EndGlobalSection
	GlobalSection(ProjectConfigurationPlatforms) = postSolution
		{18F9B5DD-54B9-49F3-B788-8A066314BB98}.Debug|Any CPU.ActiveCfg = Debug|Any CPU
		{18F9B5DD-54B9-49F3-B788-8A066314BB98}.Debug|Any CPU.Build.0 = Debug|Any CPU
		{18F9B5DD-54B9-49F3-B788-8A066314BB98}.Debug|ARM.ActiveCfg = Debug|Any CPU
		{18F9B5DD-54B9-49F3-B788-8A066314BB98}.Debug|ARM.Build.0 = Debug|Any CPU
		{18F9B5DD-54B9-49F3-B788-8A066314BB98}.Debug|x64.ActiveCfg = Debug|Any CPU
		{18F9B5DD-54B9-49F3-B788-8A066314BB98}.Debug|x64.Build.0 = Debug|Any CPU
		{18F9B5DD-54B9-49F3-B788-8A066314BB98}.Debug|x86.ActiveCfg = Debug|Any CPU
		{18F9B5DD-54B9-49F3-B788-8A066314BB98}.Debug|x86.Build.0 = Debug|Any CPU
		{18F9B5DD-54B9-49F3-B788-8A066314BB98}.Release|Any CPU.ActiveCfg = Release|Any CPU
		{18F9B5DD-54B9-49F3-B788-8A066314BB98}.Release|Any CPU.Build.0 = Release|Any CPU
		{18F9B5DD-54B9-49F3-B788-8A066314BB98}.Release|ARM.ActiveCfg = Release|Any CPU
		{18F9B5DD-54B9-49F3-B788-8A066314BB98}.Release|ARM.Build.0 = Release|Any CPU
		{18F9B5DD-54B9-49F3-B788-8A066314BB98}.Release|x64.ActiveCfg = Release|Any CPU
		{18F9B5DD-54B9-49F3-B788-8A066314BB98}.Release|x64.Build.0 = Release|Any CPU
		{18F9B5DD-54B9-49F3-B788-8A066314BB98}.Release|x86.ActiveCfg = Release|Any CPU
		{18F9B5DD-54B9-49F3-B788-8A066314BB98}.Release|x86.Build.0 = Release|Any CPU
		{2322A932-05F4-4931-8547-71377C6AB49E}.Debug|Any CPU.ActiveCfg = Debug|Any CPU
		{2322A932-05F4-4931-8547-71377C6AB49E}.Debug|Any CPU.Build.0 = Debug|Any CPU
		{2322A932-05F4-4931-8547-71377C6AB49E}.Debug|ARM.ActiveCfg = Debug|Any CPU
		{2322A932-05F4-4931-8547-71377C6AB49E}.Debug|ARM.Build.0 = Debug|Any CPU
		{2322A932-05F4-4931-8547-71377C6AB49E}.Debug|x64.ActiveCfg = Debug|Any CPU
		{2322A932-05F4-4931-8547-71377C6AB49E}.Debug|x64.Build.0 = Debug|Any CPU
		{2322A932-05F4-4931-8547-71377C6AB49E}.Debug|x86.ActiveCfg = Debug|Any CPU
		{2322A932-05F4-4931-8547-71377C6AB49E}.Debug|x86.Build.0 = Debug|Any CPU
		{2322A932-05F4-4931-8547-71377C6AB49E}.Release|Any CPU.ActiveCfg = Release|Any CPU
		{2322A932-05F4-4931-8547-71377C6AB49E}.Release|Any CPU.Build.0 = Release|Any CPU
		{2322A932-05F4-4931-8547-71377C6AB49E}.Release|ARM.ActiveCfg = Release|Any CPU
		{2322A932-05F4-4931-8547-71377C6AB49E}.Release|ARM.Build.0 = Release|Any CPU
		{2322A932-05F4-4931-8547-71377C6AB49E}.Release|x64.ActiveCfg = Release|Any CPU
		{2322A932-05F4-4931-8547-71377C6AB49E}.Release|x64.Build.0 = Release|Any CPU
		{2322A932-05F4-4931-8547-71377C6AB49E}.Release|x86.ActiveCfg = Release|Any CPU
		{2322A932-05F4-4931-8547-71377C6AB49E}.Release|x86.Build.0 = Release|Any CPU
		{2016A682-4D9F-4A65-A03D-D65FF2948269}.Debug|Any CPU.ActiveCfg = Debug|Any CPU
		{2016A682-4D9F-4A65-A03D-D65FF2948269}.Debug|Any CPU.Build.0 = Debug|Any CPU
		{2016A682-4D9F-4A65-A03D-D65FF2948269}.Debug|ARM.ActiveCfg = Debug|Any CPU
		{2016A682-4D9F-4A65-A03D-D65FF2948269}.Debug|ARM.Build.0 = Debug|Any CPU
		{2016A682-4D9F-4A65-A03D-D65FF2948269}.Debug|x64.ActiveCfg = Debug|Any CPU
		{2016A682-4D9F-4A65-A03D-D65FF2948269}.Debug|x64.Build.0 = Debug|Any CPU
		{2016A682-4D9F-4A65-A03D-D65FF2948269}.Debug|x86.ActiveCfg = Debug|Any CPU
		{2016A682-4D9F-4A65-A03D-D65FF2948269}.Debug|x86.Build.0 = Debug|Any CPU
		{2016A682-4D9F-4A65-A03D-D65FF2948269}.Release|Any CPU.ActiveCfg = Release|Any CPU
		{2016A682-4D9F-4A65-A03D-D65FF2948269}.Release|Any CPU.Build.0 = Release|Any CPU
		{2016A682-4D9F-4A65-A03D-D65FF2948269}.Release|ARM.ActiveCfg = Release|Any CPU
		{2016A682-4D9F-4A65-A03D-D65FF2948269}.Release|ARM.Build.0 = Release|Any CPU
		{2016A682-4D9F-4A65-A03D-D65FF2948269}.Release|x64.ActiveCfg = Release|Any CPU
		{2016A682-4D9F-4A65-A03D-D65FF2948269}.Release|x64.Build.0 = Release|Any CPU
		{2016A682-4D9F-4A65-A03D-D65FF2948269}.Release|x86.ActiveCfg = Release|Any CPU
		{2016A682-4D9F-4A65-A03D-D65FF2948269}.Release|x86.Build.0 = Release|Any CPU
		{9C45EDC8-4B6F-4C70-B317-A3B6074A965A}.Debug|Any CPU.ActiveCfg = Debug|Any CPU
		{9C45EDC8-4B6F-4C70-B317-A3B6074A965A}.Debug|Any CPU.Build.0 = Debug|Any CPU
		{9C45EDC8-4B6F-4C70-B317-A3B6074A965A}.Debug|ARM.ActiveCfg = Debug|Any CPU
		{9C45EDC8-4B6F-4C70-B317-A3B6074A965A}.Debug|ARM.Build.0 = Debug|Any CPU
		{9C45EDC8-4B6F-4C70-B317-A3B6074A965A}.Debug|x64.ActiveCfg = Debug|Any CPU
		{9C45EDC8-4B6F-4C70-B317-A3B6074A965A}.Debug|x64.Build.0 = Debug|Any CPU
		{9C45EDC8-4B6F-4C70-B317-A3B6074A965A}.Debug|x86.ActiveCfg = Debug|Any CPU
		{9C45EDC8-4B6F-4C70-B317-A3B6074A965A}.Debug|x86.Build.0 = Debug|Any CPU
		{9C45EDC8-4B6F-4C70-B317-A3B6074A965A}.Release|Any CPU.ActiveCfg = Release|Any CPU
		{9C45EDC8-4B6F-4C70-B317-A3B6074A965A}.Release|Any CPU.Build.0 = Release|Any CPU
		{9C45EDC8-4B6F-4C70-B317-A3B6074A965A}.Release|ARM.ActiveCfg = Release|Any CPU
		{9C45EDC8-4B6F-4C70-B317-A3B6074A965A}.Release|ARM.Build.0 = Release|Any CPU
		{9C45EDC8-4B6F-4C70-B317-A3B6074A965A}.Release|x64.ActiveCfg = Release|Any CPU
		{9C45EDC8-4B6F-4C70-B317-A3B6074A965A}.Release|x64.Build.0 = Release|Any CPU
		{9C45EDC8-4B6F-4C70-B317-A3B6074A965A}.Release|x86.ActiveCfg = Release|Any CPU
		{9C45EDC8-4B6F-4C70-B317-A3B6074A965A}.Release|x86.Build.0 = Release|Any CPU
		{CE20F5F8-917F-4E24-8374-B60B698ACBA6}.Debug|Any CPU.ActiveCfg = Debug|Any CPU
		{CE20F5F8-917F-4E24-8374-B60B698ACBA6}.Debug|Any CPU.Build.0 = Debug|Any CPU
		{CE20F5F8-917F-4E24-8374-B60B698ACBA6}.Debug|ARM.ActiveCfg = Debug|Any CPU
		{CE20F5F8-917F-4E24-8374-B60B698ACBA6}.Debug|ARM.Build.0 = Debug|Any CPU
		{CE20F5F8-917F-4E24-8374-B60B698ACBA6}.Debug|x64.ActiveCfg = Debug|Any CPU
		{CE20F5F8-917F-4E24-8374-B60B698ACBA6}.Debug|x64.Build.0 = Debug|Any CPU
		{CE20F5F8-917F-4E24-8374-B60B698ACBA6}.Debug|x86.ActiveCfg = Debug|Any CPU
		{CE20F5F8-917F-4E24-8374-B60B698ACBA6}.Debug|x86.Build.0 = Debug|Any CPU
		{CE20F5F8-917F-4E24-8374-B60B698ACBA6}.Release|Any CPU.ActiveCfg = Release|Any CPU
		{CE20F5F8-917F-4E24-8374-B60B698ACBA6}.Release|Any CPU.Build.0 = Release|Any CPU
		{CE20F5F8-917F-4E24-8374-B60B698ACBA6}.Release|ARM.ActiveCfg = Release|Any CPU
		{CE20F5F8-917F-4E24-8374-B60B698ACBA6}.Release|ARM.Build.0 = Release|Any CPU
		{CE20F5F8-917F-4E24-8374-B60B698ACBA6}.Release|x64.ActiveCfg = Release|Any CPU
		{CE20F5F8-917F-4E24-8374-B60B698ACBA6}.Release|x64.Build.0 = Release|Any CPU
		{CE20F5F8-917F-4E24-8374-B60B698ACBA6}.Release|x86.ActiveCfg = Release|Any CPU
		{CE20F5F8-917F-4E24-8374-B60B698ACBA6}.Release|x86.Build.0 = Release|Any CPU
		{C6454733-C8EE-41A1-88D9-2EDC4012F499}.Debug|Any CPU.ActiveCfg = Debug|Any CPU
		{C6454733-C8EE-41A1-88D9-2EDC4012F499}.Debug|Any CPU.Build.0 = Debug|Any CPU
		{C6454733-C8EE-41A1-88D9-2EDC4012F499}.Debug|ARM.ActiveCfg = Debug|Any CPU
		{C6454733-C8EE-41A1-88D9-2EDC4012F499}.Debug|ARM.Build.0 = Debug|Any CPU
		{C6454733-C8EE-41A1-88D9-2EDC4012F499}.Debug|x64.ActiveCfg = Debug|Any CPU
		{C6454733-C8EE-41A1-88D9-2EDC4012F499}.Debug|x64.Build.0 = Debug|Any CPU
		{C6454733-C8EE-41A1-88D9-2EDC4012F499}.Debug|x86.ActiveCfg = Debug|Any CPU
		{C6454733-C8EE-41A1-88D9-2EDC4012F499}.Debug|x86.Build.0 = Debug|Any CPU
		{C6454733-C8EE-41A1-88D9-2EDC4012F499}.Release|Any CPU.ActiveCfg = Release|Any CPU
		{C6454733-C8EE-41A1-88D9-2EDC4012F499}.Release|Any CPU.Build.0 = Release|Any CPU
		{C6454733-C8EE-41A1-88D9-2EDC4012F499}.Release|ARM.ActiveCfg = Release|Any CPU
		{C6454733-C8EE-41A1-88D9-2EDC4012F499}.Release|ARM.Build.0 = Release|Any CPU
		{C6454733-C8EE-41A1-88D9-2EDC4012F499}.Release|x64.ActiveCfg = Release|Any CPU
		{C6454733-C8EE-41A1-88D9-2EDC4012F499}.Release|x64.Build.0 = Release|Any CPU
		{C6454733-C8EE-41A1-88D9-2EDC4012F499}.Release|x86.ActiveCfg = Release|Any CPU
		{C6454733-C8EE-41A1-88D9-2EDC4012F499}.Release|x86.Build.0 = Release|Any CPU
		{94BDF7DC-169D-41D7-9FC8-081A9D1D56D2}.Debug|Any CPU.ActiveCfg = Debug|Any CPU
		{94BDF7DC-169D-41D7-9FC8-081A9D1D56D2}.Debug|Any CPU.Build.0 = Debug|Any CPU
		{94BDF7DC-169D-41D7-9FC8-081A9D1D56D2}.Debug|ARM.ActiveCfg = Debug|Any CPU
		{94BDF7DC-169D-41D7-9FC8-081A9D1D56D2}.Debug|ARM.Build.0 = Debug|Any CPU
		{94BDF7DC-169D-41D7-9FC8-081A9D1D56D2}.Debug|x64.ActiveCfg = Debug|Any CPU
		{94BDF7DC-169D-41D7-9FC8-081A9D1D56D2}.Debug|x64.Build.0 = Debug|Any CPU
		{94BDF7DC-169D-41D7-9FC8-081A9D1D56D2}.Debug|x86.ActiveCfg = Debug|Any CPU
		{94BDF7DC-169D-41D7-9FC8-081A9D1D56D2}.Debug|x86.Build.0 = Debug|Any CPU
		{94BDF7DC-169D-41D7-9FC8-081A9D1D56D2}.Release|Any CPU.ActiveCfg = Release|Any CPU
		{94BDF7DC-169D-41D7-9FC8-081A9D1D56D2}.Release|Any CPU.Build.0 = Release|Any CPU
		{94BDF7DC-169D-41D7-9FC8-081A9D1D56D2}.Release|ARM.ActiveCfg = Release|Any CPU
		{94BDF7DC-169D-41D7-9FC8-081A9D1D56D2}.Release|ARM.Build.0 = Release|Any CPU
		{94BDF7DC-169D-41D7-9FC8-081A9D1D56D2}.Release|x64.ActiveCfg = Release|Any CPU
		{94BDF7DC-169D-41D7-9FC8-081A9D1D56D2}.Release|x64.Build.0 = Release|Any CPU
		{94BDF7DC-169D-41D7-9FC8-081A9D1D56D2}.Release|x86.ActiveCfg = Release|Any CPU
		{94BDF7DC-169D-41D7-9FC8-081A9D1D56D2}.Release|x86.Build.0 = Release|Any CPU
		{4573F8BC-6B87-4526-A815-42F473452F8C}.Debug|Any CPU.ActiveCfg = Debug|Any CPU
		{4573F8BC-6B87-4526-A815-42F473452F8C}.Debug|Any CPU.Build.0 = Debug|Any CPU
		{4573F8BC-6B87-4526-A815-42F473452F8C}.Debug|ARM.ActiveCfg = Debug|Any CPU
		{4573F8BC-6B87-4526-A815-42F473452F8C}.Debug|ARM.Build.0 = Debug|Any CPU
		{4573F8BC-6B87-4526-A815-42F473452F8C}.Debug|x64.ActiveCfg = Debug|Any CPU
		{4573F8BC-6B87-4526-A815-42F473452F8C}.Debug|x64.Build.0 = Debug|Any CPU
		{4573F8BC-6B87-4526-A815-42F473452F8C}.Debug|x86.ActiveCfg = Debug|Any CPU
		{4573F8BC-6B87-4526-A815-42F473452F8C}.Debug|x86.Build.0 = Debug|Any CPU
		{4573F8BC-6B87-4526-A815-42F473452F8C}.Release|Any CPU.ActiveCfg = Release|Any CPU
		{4573F8BC-6B87-4526-A815-42F473452F8C}.Release|Any CPU.Build.0 = Release|Any CPU
		{4573F8BC-6B87-4526-A815-42F473452F8C}.Release|ARM.ActiveCfg = Release|Any CPU
		{4573F8BC-6B87-4526-A815-42F473452F8C}.Release|ARM.Build.0 = Release|Any CPU
		{4573F8BC-6B87-4526-A815-42F473452F8C}.Release|x64.ActiveCfg = Release|Any CPU
		{4573F8BC-6B87-4526-A815-42F473452F8C}.Release|x64.Build.0 = Release|Any CPU
		{4573F8BC-6B87-4526-A815-42F473452F8C}.Release|x86.ActiveCfg = Release|Any CPU
		{4573F8BC-6B87-4526-A815-42F473452F8C}.Release|x86.Build.0 = Release|Any CPU
		{F9A05818-6D67-484A-8397-149EA1DEDCDF}.Debug|Any CPU.ActiveCfg = Debug|Any CPU
		{F9A05818-6D67-484A-8397-149EA1DEDCDF}.Debug|Any CPU.Build.0 = Debug|Any CPU
		{F9A05818-6D67-484A-8397-149EA1DEDCDF}.Debug|ARM.ActiveCfg = Debug|Any CPU
		{F9A05818-6D67-484A-8397-149EA1DEDCDF}.Debug|ARM.Build.0 = Debug|Any CPU
		{F9A05818-6D67-484A-8397-149EA1DEDCDF}.Debug|x64.ActiveCfg = Debug|Any CPU
		{F9A05818-6D67-484A-8397-149EA1DEDCDF}.Debug|x64.Build.0 = Debug|Any CPU
		{F9A05818-6D67-484A-8397-149EA1DEDCDF}.Debug|x86.ActiveCfg = Debug|Any CPU
		{F9A05818-6D67-484A-8397-149EA1DEDCDF}.Debug|x86.Build.0 = Debug|Any CPU
		{F9A05818-6D67-484A-8397-149EA1DEDCDF}.Release|Any CPU.ActiveCfg = Release|Any CPU
		{F9A05818-6D67-484A-8397-149EA1DEDCDF}.Release|Any CPU.Build.0 = Release|Any CPU
		{F9A05818-6D67-484A-8397-149EA1DEDCDF}.Release|ARM.ActiveCfg = Release|Any CPU
		{F9A05818-6D67-484A-8397-149EA1DEDCDF}.Release|ARM.Build.0 = Release|Any CPU
		{F9A05818-6D67-484A-8397-149EA1DEDCDF}.Release|x64.ActiveCfg = Release|Any CPU
		{F9A05818-6D67-484A-8397-149EA1DEDCDF}.Release|x64.Build.0 = Release|Any CPU
		{F9A05818-6D67-484A-8397-149EA1DEDCDF}.Release|x86.ActiveCfg = Release|Any CPU
		{F9A05818-6D67-484A-8397-149EA1DEDCDF}.Release|x86.Build.0 = Release|Any CPU
		{F16A9DE8-193F-4D07-9D86-1DD2FB087A96}.Debug|Any CPU.ActiveCfg = Debug|Any CPU
		{F16A9DE8-193F-4D07-9D86-1DD2FB087A96}.Debug|Any CPU.Build.0 = Debug|Any CPU
		{F16A9DE8-193F-4D07-9D86-1DD2FB087A96}.Debug|ARM.ActiveCfg = Debug|Any CPU
		{F16A9DE8-193F-4D07-9D86-1DD2FB087A96}.Debug|ARM.Build.0 = Debug|Any CPU
		{F16A9DE8-193F-4D07-9D86-1DD2FB087A96}.Debug|x64.ActiveCfg = Debug|Any CPU
		{F16A9DE8-193F-4D07-9D86-1DD2FB087A96}.Debug|x64.Build.0 = Debug|Any CPU
		{F16A9DE8-193F-4D07-9D86-1DD2FB087A96}.Debug|x86.ActiveCfg = Debug|Any CPU
		{F16A9DE8-193F-4D07-9D86-1DD2FB087A96}.Debug|x86.Build.0 = Debug|Any CPU
		{F16A9DE8-193F-4D07-9D86-1DD2FB087A96}.Release|Any CPU.ActiveCfg = Release|Any CPU
		{F16A9DE8-193F-4D07-9D86-1DD2FB087A96}.Release|Any CPU.Build.0 = Release|Any CPU
		{F16A9DE8-193F-4D07-9D86-1DD2FB087A96}.Release|ARM.ActiveCfg = Release|Any CPU
		{F16A9DE8-193F-4D07-9D86-1DD2FB087A96}.Release|ARM.Build.0 = Release|Any CPU
		{F16A9DE8-193F-4D07-9D86-1DD2FB087A96}.Release|x64.ActiveCfg = Release|Any CPU
		{F16A9DE8-193F-4D07-9D86-1DD2FB087A96}.Release|x64.Build.0 = Release|Any CPU
		{F16A9DE8-193F-4D07-9D86-1DD2FB087A96}.Release|x86.ActiveCfg = Release|Any CPU
		{F16A9DE8-193F-4D07-9D86-1DD2FB087A96}.Release|x86.Build.0 = Release|Any CPU
		{CD028A30-EF26-44DE-884B-6D9C41C39D64}.Debug|Any CPU.ActiveCfg = Debug|Any CPU
		{CD028A30-EF26-44DE-884B-6D9C41C39D64}.Debug|Any CPU.Build.0 = Debug|Any CPU
		{CD028A30-EF26-44DE-884B-6D9C41C39D64}.Debug|ARM.ActiveCfg = Debug|Any CPU
		{CD028A30-EF26-44DE-884B-6D9C41C39D64}.Debug|ARM.Build.0 = Debug|Any CPU
		{CD028A30-EF26-44DE-884B-6D9C41C39D64}.Debug|x64.ActiveCfg = Debug|Any CPU
		{CD028A30-EF26-44DE-884B-6D9C41C39D64}.Debug|x64.Build.0 = Debug|Any CPU
		{CD028A30-EF26-44DE-884B-6D9C41C39D64}.Debug|x86.ActiveCfg = Debug|Any CPU
		{CD028A30-EF26-44DE-884B-6D9C41C39D64}.Debug|x86.Build.0 = Debug|Any CPU
		{CD028A30-EF26-44DE-884B-6D9C41C39D64}.Release|Any CPU.ActiveCfg = Release|Any CPU
		{CD028A30-EF26-44DE-884B-6D9C41C39D64}.Release|Any CPU.Build.0 = Release|Any CPU
		{CD028A30-EF26-44DE-884B-6D9C41C39D64}.Release|ARM.ActiveCfg = Release|Any CPU
		{CD028A30-EF26-44DE-884B-6D9C41C39D64}.Release|ARM.Build.0 = Release|Any CPU
		{CD028A30-EF26-44DE-884B-6D9C41C39D64}.Release|x64.ActiveCfg = Release|Any CPU
		{CD028A30-EF26-44DE-884B-6D9C41C39D64}.Release|x64.Build.0 = Release|Any CPU
		{CD028A30-EF26-44DE-884B-6D9C41C39D64}.Release|x86.ActiveCfg = Release|Any CPU
		{CD028A30-EF26-44DE-884B-6D9C41C39D64}.Release|x86.Build.0 = Release|Any CPU
		{E30939C5-042D-4EC2-817D-C5AFC509B330}.Debug|Any CPU.ActiveCfg = Debug|Any CPU
		{E30939C5-042D-4EC2-817D-C5AFC509B330}.Debug|Any CPU.Build.0 = Debug|Any CPU
		{E30939C5-042D-4EC2-817D-C5AFC509B330}.Debug|ARM.ActiveCfg = Debug|Any CPU
		{E30939C5-042D-4EC2-817D-C5AFC509B330}.Debug|ARM.Build.0 = Debug|Any CPU
		{E30939C5-042D-4EC2-817D-C5AFC509B330}.Debug|x64.ActiveCfg = Debug|Any CPU
		{E30939C5-042D-4EC2-817D-C5AFC509B330}.Debug|x64.Build.0 = Debug|Any CPU
		{E30939C5-042D-4EC2-817D-C5AFC509B330}.Debug|x86.ActiveCfg = Debug|Any CPU
		{E30939C5-042D-4EC2-817D-C5AFC509B330}.Debug|x86.Build.0 = Debug|Any CPU
		{E30939C5-042D-4EC2-817D-C5AFC509B330}.Release|Any CPU.ActiveCfg = Release|Any CPU
		{E30939C5-042D-4EC2-817D-C5AFC509B330}.Release|Any CPU.Build.0 = Release|Any CPU
		{E30939C5-042D-4EC2-817D-C5AFC509B330}.Release|ARM.ActiveCfg = Release|Any CPU
		{E30939C5-042D-4EC2-817D-C5AFC509B330}.Release|ARM.Build.0 = Release|Any CPU
		{E30939C5-042D-4EC2-817D-C5AFC509B330}.Release|x64.ActiveCfg = Release|Any CPU
		{E30939C5-042D-4EC2-817D-C5AFC509B330}.Release|x64.Build.0 = Release|Any CPU
		{E30939C5-042D-4EC2-817D-C5AFC509B330}.Release|x86.ActiveCfg = Release|Any CPU
		{E30939C5-042D-4EC2-817D-C5AFC509B330}.Release|x86.Build.0 = Release|Any CPU
		{8EDF4429-251A-416D-BB68-93F227191BCF}.Debug|Any CPU.ActiveCfg = Debug|Any CPU
		{8EDF4429-251A-416D-BB68-93F227191BCF}.Debug|Any CPU.Build.0 = Debug|Any CPU
		{8EDF4429-251A-416D-BB68-93F227191BCF}.Debug|ARM.ActiveCfg = Debug|Any CPU
		{8EDF4429-251A-416D-BB68-93F227191BCF}.Debug|ARM.Build.0 = Debug|Any CPU
		{8EDF4429-251A-416D-BB68-93F227191BCF}.Debug|x64.ActiveCfg = Debug|Any CPU
		{8EDF4429-251A-416D-BB68-93F227191BCF}.Debug|x64.Build.0 = Debug|Any CPU
		{8EDF4429-251A-416D-BB68-93F227191BCF}.Debug|x86.ActiveCfg = Debug|Any CPU
		{8EDF4429-251A-416D-BB68-93F227191BCF}.Debug|x86.Build.0 = Debug|Any CPU
		{8EDF4429-251A-416D-BB68-93F227191BCF}.Release|Any CPU.ActiveCfg = Release|Any CPU
		{8EDF4429-251A-416D-BB68-93F227191BCF}.Release|Any CPU.Build.0 = Release|Any CPU
		{8EDF4429-251A-416D-BB68-93F227191BCF}.Release|ARM.ActiveCfg = Release|Any CPU
		{8EDF4429-251A-416D-BB68-93F227191BCF}.Release|ARM.Build.0 = Release|Any CPU
		{8EDF4429-251A-416D-BB68-93F227191BCF}.Release|x64.ActiveCfg = Release|Any CPU
		{8EDF4429-251A-416D-BB68-93F227191BCF}.Release|x64.Build.0 = Release|Any CPU
		{8EDF4429-251A-416D-BB68-93F227191BCF}.Release|x86.ActiveCfg = Release|Any CPU
		{8EDF4429-251A-416D-BB68-93F227191BCF}.Release|x86.Build.0 = Release|Any CPU
		{EA705293-ABA7-4B57-9BC4-FDC1F1FC6CA8}.Debug|Any CPU.ActiveCfg = Debug|Any CPU
		{EA705293-ABA7-4B57-9BC4-FDC1F1FC6CA8}.Debug|Any CPU.Build.0 = Debug|Any CPU
		{EA705293-ABA7-4B57-9BC4-FDC1F1FC6CA8}.Debug|ARM.ActiveCfg = Debug|Any CPU
		{EA705293-ABA7-4B57-9BC4-FDC1F1FC6CA8}.Debug|ARM.Build.0 = Debug|Any CPU
		{EA705293-ABA7-4B57-9BC4-FDC1F1FC6CA8}.Debug|x64.ActiveCfg = Debug|Any CPU
		{EA705293-ABA7-4B57-9BC4-FDC1F1FC6CA8}.Debug|x64.Build.0 = Debug|Any CPU
		{EA705293-ABA7-4B57-9BC4-FDC1F1FC6CA8}.Debug|x86.ActiveCfg = Debug|Any CPU
		{EA705293-ABA7-4B57-9BC4-FDC1F1FC6CA8}.Debug|x86.Build.0 = Debug|Any CPU
		{EA705293-ABA7-4B57-9BC4-FDC1F1FC6CA8}.Release|Any CPU.ActiveCfg = Release|Any CPU
		{EA705293-ABA7-4B57-9BC4-FDC1F1FC6CA8}.Release|Any CPU.Build.0 = Release|Any CPU
		{EA705293-ABA7-4B57-9BC4-FDC1F1FC6CA8}.Release|ARM.ActiveCfg = Release|Any CPU
		{EA705293-ABA7-4B57-9BC4-FDC1F1FC6CA8}.Release|ARM.Build.0 = Release|Any CPU
		{EA705293-ABA7-4B57-9BC4-FDC1F1FC6CA8}.Release|x64.ActiveCfg = Release|Any CPU
		{EA705293-ABA7-4B57-9BC4-FDC1F1FC6CA8}.Release|x64.Build.0 = Release|Any CPU
		{EA705293-ABA7-4B57-9BC4-FDC1F1FC6CA8}.Release|x86.ActiveCfg = Release|Any CPU
		{EA705293-ABA7-4B57-9BC4-FDC1F1FC6CA8}.Release|x86.Build.0 = Release|Any CPU
		{FCD911F0-AFFB-4810-9816-6E67382C0D3C}.Debug|Any CPU.ActiveCfg = Debug|Any CPU
		{FCD911F0-AFFB-4810-9816-6E67382C0D3C}.Debug|Any CPU.Build.0 = Debug|Any CPU
		{FCD911F0-AFFB-4810-9816-6E67382C0D3C}.Debug|ARM.ActiveCfg = Debug|Any CPU
		{FCD911F0-AFFB-4810-9816-6E67382C0D3C}.Debug|ARM.Build.0 = Debug|Any CPU
		{FCD911F0-AFFB-4810-9816-6E67382C0D3C}.Debug|x64.ActiveCfg = Debug|Any CPU
		{FCD911F0-AFFB-4810-9816-6E67382C0D3C}.Debug|x64.Build.0 = Debug|Any CPU
		{FCD911F0-AFFB-4810-9816-6E67382C0D3C}.Debug|x86.ActiveCfg = Debug|Any CPU
		{FCD911F0-AFFB-4810-9816-6E67382C0D3C}.Debug|x86.Build.0 = Debug|Any CPU
		{FCD911F0-AFFB-4810-9816-6E67382C0D3C}.Release|Any CPU.ActiveCfg = Release|Any CPU
		{FCD911F0-AFFB-4810-9816-6E67382C0D3C}.Release|Any CPU.Build.0 = Release|Any CPU
		{FCD911F0-AFFB-4810-9816-6E67382C0D3C}.Release|ARM.ActiveCfg = Release|Any CPU
		{FCD911F0-AFFB-4810-9816-6E67382C0D3C}.Release|ARM.Build.0 = Release|Any CPU
		{FCD911F0-AFFB-4810-9816-6E67382C0D3C}.Release|x64.ActiveCfg = Release|Any CPU
		{FCD911F0-AFFB-4810-9816-6E67382C0D3C}.Release|x64.Build.0 = Release|Any CPU
		{FCD911F0-AFFB-4810-9816-6E67382C0D3C}.Release|x86.ActiveCfg = Release|Any CPU
		{FCD911F0-AFFB-4810-9816-6E67382C0D3C}.Release|x86.Build.0 = Release|Any CPU
		{38044DCA-2FF6-4579-B06E-46BF7401D0B2}.Debug|Any CPU.ActiveCfg = Debug|Any CPU
		{38044DCA-2FF6-4579-B06E-46BF7401D0B2}.Debug|Any CPU.Build.0 = Debug|Any CPU
		{38044DCA-2FF6-4579-B06E-46BF7401D0B2}.Debug|ARM.ActiveCfg = Debug|Any CPU
		{38044DCA-2FF6-4579-B06E-46BF7401D0B2}.Debug|ARM.Build.0 = Debug|Any CPU
		{38044DCA-2FF6-4579-B06E-46BF7401D0B2}.Debug|x64.ActiveCfg = Debug|Any CPU
		{38044DCA-2FF6-4579-B06E-46BF7401D0B2}.Debug|x64.Build.0 = Debug|Any CPU
		{38044DCA-2FF6-4579-B06E-46BF7401D0B2}.Debug|x86.ActiveCfg = Debug|Any CPU
		{38044DCA-2FF6-4579-B06E-46BF7401D0B2}.Debug|x86.Build.0 = Debug|Any CPU
		{38044DCA-2FF6-4579-B06E-46BF7401D0B2}.Release|Any CPU.ActiveCfg = Release|Any CPU
		{38044DCA-2FF6-4579-B06E-46BF7401D0B2}.Release|Any CPU.Build.0 = Release|Any CPU
		{38044DCA-2FF6-4579-B06E-46BF7401D0B2}.Release|ARM.ActiveCfg = Release|Any CPU
		{38044DCA-2FF6-4579-B06E-46BF7401D0B2}.Release|ARM.Build.0 = Release|Any CPU
		{38044DCA-2FF6-4579-B06E-46BF7401D0B2}.Release|x64.ActiveCfg = Release|Any CPU
		{38044DCA-2FF6-4579-B06E-46BF7401D0B2}.Release|x64.Build.0 = Release|Any CPU
		{38044DCA-2FF6-4579-B06E-46BF7401D0B2}.Release|x86.ActiveCfg = Release|Any CPU
		{38044DCA-2FF6-4579-B06E-46BF7401D0B2}.Release|x86.Build.0 = Release|Any CPU
		{7001F919-92BB-46DB-9647-66D492EF0E86}.Debug|Any CPU.ActiveCfg = Debug|Any CPU
		{7001F919-92BB-46DB-9647-66D492EF0E86}.Debug|Any CPU.Build.0 = Debug|Any CPU
		{7001F919-92BB-46DB-9647-66D492EF0E86}.Debug|ARM.ActiveCfg = Debug|Any CPU
		{7001F919-92BB-46DB-9647-66D492EF0E86}.Debug|ARM.Build.0 = Debug|Any CPU
		{7001F919-92BB-46DB-9647-66D492EF0E86}.Debug|x64.ActiveCfg = Debug|Any CPU
		{7001F919-92BB-46DB-9647-66D492EF0E86}.Debug|x64.Build.0 = Debug|Any CPU
		{7001F919-92BB-46DB-9647-66D492EF0E86}.Debug|x86.ActiveCfg = Debug|Any CPU
		{7001F919-92BB-46DB-9647-66D492EF0E86}.Debug|x86.Build.0 = Debug|Any CPU
		{7001F919-92BB-46DB-9647-66D492EF0E86}.Release|Any CPU.ActiveCfg = Release|Any CPU
		{7001F919-92BB-46DB-9647-66D492EF0E86}.Release|Any CPU.Build.0 = Release|Any CPU
		{7001F919-92BB-46DB-9647-66D492EF0E86}.Release|ARM.ActiveCfg = Release|Any CPU
		{7001F919-92BB-46DB-9647-66D492EF0E86}.Release|ARM.Build.0 = Release|Any CPU
		{7001F919-92BB-46DB-9647-66D492EF0E86}.Release|x64.ActiveCfg = Release|Any CPU
		{7001F919-92BB-46DB-9647-66D492EF0E86}.Release|x64.Build.0 = Release|Any CPU
		{7001F919-92BB-46DB-9647-66D492EF0E86}.Release|x86.ActiveCfg = Release|Any CPU
		{7001F919-92BB-46DB-9647-66D492EF0E86}.Release|x86.Build.0 = Release|Any CPU
		{BC4A8ABD-8848-4544-9F7C-FC98E3A89DF2}.Debug|Any CPU.ActiveCfg = Debug|Any CPU
		{BC4A8ABD-8848-4544-9F7C-FC98E3A89DF2}.Debug|ARM.ActiveCfg = Debug|Any CPU
		{BC4A8ABD-8848-4544-9F7C-FC98E3A89DF2}.Debug|ARM.Build.0 = Debug|Any CPU
		{BC4A8ABD-8848-4544-9F7C-FC98E3A89DF2}.Debug|x64.ActiveCfg = Debug|Any CPU
		{BC4A8ABD-8848-4544-9F7C-FC98E3A89DF2}.Debug|x64.Build.0 = Debug|Any CPU
		{BC4A8ABD-8848-4544-9F7C-FC98E3A89DF2}.Debug|x86.ActiveCfg = Debug|Any CPU
		{BC4A8ABD-8848-4544-9F7C-FC98E3A89DF2}.Debug|x86.Build.0 = Debug|Any CPU
		{BC4A8ABD-8848-4544-9F7C-FC98E3A89DF2}.Release|Any CPU.ActiveCfg = Debug|Any CPU
		{BC4A8ABD-8848-4544-9F7C-FC98E3A89DF2}.Release|Any CPU.Build.0 = Debug|Any CPU
		{BC4A8ABD-8848-4544-9F7C-FC98E3A89DF2}.Release|ARM.ActiveCfg = Debug|Any CPU
		{BC4A8ABD-8848-4544-9F7C-FC98E3A89DF2}.Release|ARM.Build.0 = Debug|Any CPU
		{BC4A8ABD-8848-4544-9F7C-FC98E3A89DF2}.Release|x64.ActiveCfg = Debug|Any CPU
		{BC4A8ABD-8848-4544-9F7C-FC98E3A89DF2}.Release|x64.Build.0 = Debug|Any CPU
		{BC4A8ABD-8848-4544-9F7C-FC98E3A89DF2}.Release|x86.ActiveCfg = Debug|Any CPU
		{BC4A8ABD-8848-4544-9F7C-FC98E3A89DF2}.Release|x86.Build.0 = Debug|Any CPU
		{4E426B71-BC07-498D-879F-F320E3208A32}.Debug|Any CPU.ActiveCfg = Debug|Any CPU
		{4E426B71-BC07-498D-879F-F320E3208A32}.Debug|Any CPU.Build.0 = Debug|Any CPU
		{4E426B71-BC07-498D-879F-F320E3208A32}.Debug|ARM.ActiveCfg = Debug|Any CPU
		{4E426B71-BC07-498D-879F-F320E3208A32}.Debug|ARM.Build.0 = Debug|Any CPU
		{4E426B71-BC07-498D-879F-F320E3208A32}.Debug|x64.ActiveCfg = Debug|Any CPU
		{4E426B71-BC07-498D-879F-F320E3208A32}.Debug|x64.Build.0 = Debug|Any CPU
		{4E426B71-BC07-498D-879F-F320E3208A32}.Debug|x86.ActiveCfg = Debug|Any CPU
		{4E426B71-BC07-498D-879F-F320E3208A32}.Debug|x86.Build.0 = Debug|Any CPU
		{4E426B71-BC07-498D-879F-F320E3208A32}.Release|Any CPU.ActiveCfg = Release|Any CPU
		{4E426B71-BC07-498D-879F-F320E3208A32}.Release|Any CPU.Build.0 = Release|Any CPU
		{4E426B71-BC07-498D-879F-F320E3208A32}.Release|ARM.ActiveCfg = Release|Any CPU
		{4E426B71-BC07-498D-879F-F320E3208A32}.Release|ARM.Build.0 = Release|Any CPU
		{4E426B71-BC07-498D-879F-F320E3208A32}.Release|x64.ActiveCfg = Release|Any CPU
		{4E426B71-BC07-498D-879F-F320E3208A32}.Release|x64.Build.0 = Release|Any CPU
		{4E426B71-BC07-498D-879F-F320E3208A32}.Release|x86.ActiveCfg = Release|Any CPU
		{4E426B71-BC07-498D-879F-F320E3208A32}.Release|x86.Build.0 = Release|Any CPU
		{9B0F9558-E181-4972-BE12-70C18B64061A}.Debug|Any CPU.ActiveCfg = Debug|Any CPU
		{9B0F9558-E181-4972-BE12-70C18B64061A}.Debug|Any CPU.Build.0 = Debug|Any CPU
		{9B0F9558-E181-4972-BE12-70C18B64061A}.Debug|ARM.ActiveCfg = Debug|Any CPU
		{9B0F9558-E181-4972-BE12-70C18B64061A}.Debug|ARM.Build.0 = Debug|Any CPU
		{9B0F9558-E181-4972-BE12-70C18B64061A}.Debug|x64.ActiveCfg = Debug|Any CPU
		{9B0F9558-E181-4972-BE12-70C18B64061A}.Debug|x64.Build.0 = Debug|Any CPU
		{9B0F9558-E181-4972-BE12-70C18B64061A}.Debug|x86.ActiveCfg = Debug|Any CPU
		{9B0F9558-E181-4972-BE12-70C18B64061A}.Debug|x86.Build.0 = Debug|Any CPU
		{9B0F9558-E181-4972-BE12-70C18B64061A}.Release|Any CPU.ActiveCfg = Release|Any CPU
		{9B0F9558-E181-4972-BE12-70C18B64061A}.Release|Any CPU.Build.0 = Release|Any CPU
		{9B0F9558-E181-4972-BE12-70C18B64061A}.Release|ARM.ActiveCfg = Release|Any CPU
		{9B0F9558-E181-4972-BE12-70C18B64061A}.Release|ARM.Build.0 = Release|Any CPU
		{9B0F9558-E181-4972-BE12-70C18B64061A}.Release|x64.ActiveCfg = Release|Any CPU
		{9B0F9558-E181-4972-BE12-70C18B64061A}.Release|x64.Build.0 = Release|Any CPU
		{9B0F9558-E181-4972-BE12-70C18B64061A}.Release|x86.ActiveCfg = Release|Any CPU
		{9B0F9558-E181-4972-BE12-70C18B64061A}.Release|x86.Build.0 = Release|Any CPU
		{13BCFB1A-C0C5-453F-9FC2-733C0FF0F116}.Debug|Any CPU.ActiveCfg = Debug|Any CPU
		{13BCFB1A-C0C5-453F-9FC2-733C0FF0F116}.Debug|Any CPU.Build.0 = Debug|Any CPU
		{13BCFB1A-C0C5-453F-9FC2-733C0FF0F116}.Debug|ARM.ActiveCfg = Debug|Any CPU
		{13BCFB1A-C0C5-453F-9FC2-733C0FF0F116}.Debug|ARM.Build.0 = Debug|Any CPU
		{13BCFB1A-C0C5-453F-9FC2-733C0FF0F116}.Debug|x64.ActiveCfg = Debug|Any CPU
		{13BCFB1A-C0C5-453F-9FC2-733C0FF0F116}.Debug|x64.Build.0 = Debug|Any CPU
		{13BCFB1A-C0C5-453F-9FC2-733C0FF0F116}.Debug|x86.ActiveCfg = Debug|Any CPU
		{13BCFB1A-C0C5-453F-9FC2-733C0FF0F116}.Debug|x86.Build.0 = Debug|Any CPU
		{13BCFB1A-C0C5-453F-9FC2-733C0FF0F116}.Release|Any CPU.ActiveCfg = Release|Any CPU
		{13BCFB1A-C0C5-453F-9FC2-733C0FF0F116}.Release|Any CPU.Build.0 = Release|Any CPU
		{13BCFB1A-C0C5-453F-9FC2-733C0FF0F116}.Release|ARM.ActiveCfg = Release|Any CPU
		{13BCFB1A-C0C5-453F-9FC2-733C0FF0F116}.Release|ARM.Build.0 = Release|Any CPU
		{13BCFB1A-C0C5-453F-9FC2-733C0FF0F116}.Release|x64.ActiveCfg = Release|Any CPU
		{13BCFB1A-C0C5-453F-9FC2-733C0FF0F116}.Release|x64.Build.0 = Release|Any CPU
		{13BCFB1A-C0C5-453F-9FC2-733C0FF0F116}.Release|x86.ActiveCfg = Release|Any CPU
		{13BCFB1A-C0C5-453F-9FC2-733C0FF0F116}.Release|x86.Build.0 = Release|Any CPU
		{F9CFC913-31E3-47F8-8755-F7EDCA64B4B9}.Debug|Any CPU.ActiveCfg = Debug|Any CPU
		{F9CFC913-31E3-47F8-8755-F7EDCA64B4B9}.Debug|Any CPU.Build.0 = Debug|Any CPU
		{F9CFC913-31E3-47F8-8755-F7EDCA64B4B9}.Debug|ARM.ActiveCfg = Debug|Any CPU
		{F9CFC913-31E3-47F8-8755-F7EDCA64B4B9}.Debug|ARM.Build.0 = Debug|Any CPU
		{F9CFC913-31E3-47F8-8755-F7EDCA64B4B9}.Debug|x64.ActiveCfg = Debug|Any CPU
		{F9CFC913-31E3-47F8-8755-F7EDCA64B4B9}.Debug|x64.Build.0 = Debug|Any CPU
		{F9CFC913-31E3-47F8-8755-F7EDCA64B4B9}.Debug|x86.ActiveCfg = Debug|Any CPU
		{F9CFC913-31E3-47F8-8755-F7EDCA64B4B9}.Debug|x86.Build.0 = Debug|Any CPU
		{F9CFC913-31E3-47F8-8755-F7EDCA64B4B9}.Release|Any CPU.ActiveCfg = Release|Any CPU
		{F9CFC913-31E3-47F8-8755-F7EDCA64B4B9}.Release|Any CPU.Build.0 = Release|Any CPU
		{F9CFC913-31E3-47F8-8755-F7EDCA64B4B9}.Release|ARM.ActiveCfg = Release|Any CPU
		{F9CFC913-31E3-47F8-8755-F7EDCA64B4B9}.Release|ARM.Build.0 = Release|Any CPU
		{F9CFC913-31E3-47F8-8755-F7EDCA64B4B9}.Release|x64.ActiveCfg = Release|Any CPU
		{F9CFC913-31E3-47F8-8755-F7EDCA64B4B9}.Release|x64.Build.0 = Release|Any CPU
		{F9CFC913-31E3-47F8-8755-F7EDCA64B4B9}.Release|x86.ActiveCfg = Release|Any CPU
		{F9CFC913-31E3-47F8-8755-F7EDCA64B4B9}.Release|x86.Build.0 = Release|Any CPU
		{A649607D-BF0E-4727-A7D0-B2D6376A618F}.Debug|Any CPU.ActiveCfg = Debug|Any CPU
		{A649607D-BF0E-4727-A7D0-B2D6376A618F}.Debug|Any CPU.Build.0 = Debug|Any CPU
		{A649607D-BF0E-4727-A7D0-B2D6376A618F}.Debug|ARM.ActiveCfg = Debug|Any CPU
		{A649607D-BF0E-4727-A7D0-B2D6376A618F}.Debug|ARM.Build.0 = Debug|Any CPU
		{A649607D-BF0E-4727-A7D0-B2D6376A618F}.Debug|x64.ActiveCfg = Debug|Any CPU
		{A649607D-BF0E-4727-A7D0-B2D6376A618F}.Debug|x64.Build.0 = Debug|Any CPU
		{A649607D-BF0E-4727-A7D0-B2D6376A618F}.Debug|x86.ActiveCfg = Debug|Any CPU
		{A649607D-BF0E-4727-A7D0-B2D6376A618F}.Debug|x86.Build.0 = Debug|Any CPU
		{A649607D-BF0E-4727-A7D0-B2D6376A618F}.Release|Any CPU.ActiveCfg = Release|Any CPU
		{A649607D-BF0E-4727-A7D0-B2D6376A618F}.Release|Any CPU.Build.0 = Release|Any CPU
		{A649607D-BF0E-4727-A7D0-B2D6376A618F}.Release|ARM.ActiveCfg = Release|Any CPU
		{A649607D-BF0E-4727-A7D0-B2D6376A618F}.Release|ARM.Build.0 = Release|Any CPU
		{A649607D-BF0E-4727-A7D0-B2D6376A618F}.Release|x64.ActiveCfg = Release|Any CPU
		{A649607D-BF0E-4727-A7D0-B2D6376A618F}.Release|x64.Build.0 = Release|Any CPU
		{A649607D-BF0E-4727-A7D0-B2D6376A618F}.Release|x86.ActiveCfg = Release|Any CPU
		{A649607D-BF0E-4727-A7D0-B2D6376A618F}.Release|x86.Build.0 = Release|Any CPU
		{0F9A2532-D41C-4D23-8BBF-A20BA5BF4F3A}.Debug|Any CPU.ActiveCfg = Debug|Any CPU
		{0F9A2532-D41C-4D23-8BBF-A20BA5BF4F3A}.Debug|Any CPU.Build.0 = Debug|Any CPU
		{0F9A2532-D41C-4D23-8BBF-A20BA5BF4F3A}.Debug|ARM.ActiveCfg = Debug|Any CPU
		{0F9A2532-D41C-4D23-8BBF-A20BA5BF4F3A}.Debug|ARM.Build.0 = Debug|Any CPU
		{0F9A2532-D41C-4D23-8BBF-A20BA5BF4F3A}.Debug|x64.ActiveCfg = Debug|Any CPU
		{0F9A2532-D41C-4D23-8BBF-A20BA5BF4F3A}.Debug|x64.Build.0 = Debug|Any CPU
		{0F9A2532-D41C-4D23-8BBF-A20BA5BF4F3A}.Debug|x86.ActiveCfg = Debug|Any CPU
		{0F9A2532-D41C-4D23-8BBF-A20BA5BF4F3A}.Debug|x86.Build.0 = Debug|Any CPU
		{0F9A2532-D41C-4D23-8BBF-A20BA5BF4F3A}.Release|Any CPU.ActiveCfg = Release|Any CPU
		{0F9A2532-D41C-4D23-8BBF-A20BA5BF4F3A}.Release|Any CPU.Build.0 = Release|Any CPU
		{0F9A2532-D41C-4D23-8BBF-A20BA5BF4F3A}.Release|ARM.ActiveCfg = Release|Any CPU
		{0F9A2532-D41C-4D23-8BBF-A20BA5BF4F3A}.Release|ARM.Build.0 = Release|Any CPU
		{0F9A2532-D41C-4D23-8BBF-A20BA5BF4F3A}.Release|x64.ActiveCfg = Release|Any CPU
		{0F9A2532-D41C-4D23-8BBF-A20BA5BF4F3A}.Release|x64.Build.0 = Release|Any CPU
		{0F9A2532-D41C-4D23-8BBF-A20BA5BF4F3A}.Release|x86.ActiveCfg = Release|Any CPU
		{0F9A2532-D41C-4D23-8BBF-A20BA5BF4F3A}.Release|x86.Build.0 = Release|Any CPU
		{06E84034-B80F-4925-ABF7-FA4B8153B159}.Debug|Any CPU.ActiveCfg = Debug|Any CPU
		{06E84034-B80F-4925-ABF7-FA4B8153B159}.Debug|Any CPU.Build.0 = Debug|Any CPU
		{06E84034-B80F-4925-ABF7-FA4B8153B159}.Debug|ARM.ActiveCfg = Debug|Any CPU
		{06E84034-B80F-4925-ABF7-FA4B8153B159}.Debug|ARM.Build.0 = Debug|Any CPU
		{06E84034-B80F-4925-ABF7-FA4B8153B159}.Debug|x64.ActiveCfg = Debug|Any CPU
		{06E84034-B80F-4925-ABF7-FA4B8153B159}.Debug|x64.Build.0 = Debug|Any CPU
		{06E84034-B80F-4925-ABF7-FA4B8153B159}.Debug|x86.ActiveCfg = Debug|Any CPU
		{06E84034-B80F-4925-ABF7-FA4B8153B159}.Debug|x86.Build.0 = Debug|Any CPU
		{06E84034-B80F-4925-ABF7-FA4B8153B159}.Release|Any CPU.ActiveCfg = Release|Any CPU
		{06E84034-B80F-4925-ABF7-FA4B8153B159}.Release|Any CPU.Build.0 = Release|Any CPU
		{06E84034-B80F-4925-ABF7-FA4B8153B159}.Release|ARM.ActiveCfg = Release|Any CPU
		{06E84034-B80F-4925-ABF7-FA4B8153B159}.Release|ARM.Build.0 = Release|Any CPU
		{06E84034-B80F-4925-ABF7-FA4B8153B159}.Release|x64.ActiveCfg = Release|Any CPU
		{06E84034-B80F-4925-ABF7-FA4B8153B159}.Release|x64.Build.0 = Release|Any CPU
		{06E84034-B80F-4925-ABF7-FA4B8153B159}.Release|x86.ActiveCfg = Release|Any CPU
		{06E84034-B80F-4925-ABF7-FA4B8153B159}.Release|x86.Build.0 = Release|Any CPU
		{1DBEB2CF-0424-4382-9B9B-4E74B7C0D910}.Debug|Any CPU.ActiveCfg = Debug|Any CPU
		{1DBEB2CF-0424-4382-9B9B-4E74B7C0D910}.Debug|Any CPU.Build.0 = Debug|Any CPU
		{1DBEB2CF-0424-4382-9B9B-4E74B7C0D910}.Debug|ARM.ActiveCfg = Debug|Any CPU
		{1DBEB2CF-0424-4382-9B9B-4E74B7C0D910}.Debug|ARM.Build.0 = Debug|Any CPU
		{1DBEB2CF-0424-4382-9B9B-4E74B7C0D910}.Debug|x64.ActiveCfg = Debug|Any CPU
		{1DBEB2CF-0424-4382-9B9B-4E74B7C0D910}.Debug|x64.Build.0 = Debug|Any CPU
		{1DBEB2CF-0424-4382-9B9B-4E74B7C0D910}.Debug|x86.ActiveCfg = Debug|Any CPU
		{1DBEB2CF-0424-4382-9B9B-4E74B7C0D910}.Debug|x86.Build.0 = Debug|Any CPU
		{1DBEB2CF-0424-4382-9B9B-4E74B7C0D910}.Release|Any CPU.ActiveCfg = Release|Any CPU
		{1DBEB2CF-0424-4382-9B9B-4E74B7C0D910}.Release|Any CPU.Build.0 = Release|Any CPU
		{1DBEB2CF-0424-4382-9B9B-4E74B7C0D910}.Release|ARM.ActiveCfg = Release|Any CPU
		{1DBEB2CF-0424-4382-9B9B-4E74B7C0D910}.Release|ARM.Build.0 = Release|Any CPU
		{1DBEB2CF-0424-4382-9B9B-4E74B7C0D910}.Release|x64.ActiveCfg = Release|Any CPU
		{1DBEB2CF-0424-4382-9B9B-4E74B7C0D910}.Release|x64.Build.0 = Release|Any CPU
		{1DBEB2CF-0424-4382-9B9B-4E74B7C0D910}.Release|x86.ActiveCfg = Release|Any CPU
		{1DBEB2CF-0424-4382-9B9B-4E74B7C0D910}.Release|x86.Build.0 = Release|Any CPU
		{AC9D5AAE-0D00-46F0-86D7-71EF4F262B5B}.Debug|Any CPU.ActiveCfg = Debug|Any CPU
		{AC9D5AAE-0D00-46F0-86D7-71EF4F262B5B}.Debug|Any CPU.Build.0 = Debug|Any CPU
		{AC9D5AAE-0D00-46F0-86D7-71EF4F262B5B}.Debug|ARM.ActiveCfg = Debug|Any CPU
		{AC9D5AAE-0D00-46F0-86D7-71EF4F262B5B}.Debug|ARM.Build.0 = Debug|Any CPU
		{AC9D5AAE-0D00-46F0-86D7-71EF4F262B5B}.Debug|x64.ActiveCfg = Debug|Any CPU
		{AC9D5AAE-0D00-46F0-86D7-71EF4F262B5B}.Debug|x64.Build.0 = Debug|Any CPU
		{AC9D5AAE-0D00-46F0-86D7-71EF4F262B5B}.Debug|x86.ActiveCfg = Debug|Any CPU
		{AC9D5AAE-0D00-46F0-86D7-71EF4F262B5B}.Debug|x86.Build.0 = Debug|Any CPU
		{AC9D5AAE-0D00-46F0-86D7-71EF4F262B5B}.Release|Any CPU.ActiveCfg = Release|Any CPU
		{AC9D5AAE-0D00-46F0-86D7-71EF4F262B5B}.Release|Any CPU.Build.0 = Release|Any CPU
		{AC9D5AAE-0D00-46F0-86D7-71EF4F262B5B}.Release|ARM.ActiveCfg = Release|Any CPU
		{AC9D5AAE-0D00-46F0-86D7-71EF4F262B5B}.Release|ARM.Build.0 = Release|Any CPU
		{AC9D5AAE-0D00-46F0-86D7-71EF4F262B5B}.Release|x64.ActiveCfg = Release|Any CPU
		{AC9D5AAE-0D00-46F0-86D7-71EF4F262B5B}.Release|x64.Build.0 = Release|Any CPU
		{AC9D5AAE-0D00-46F0-86D7-71EF4F262B5B}.Release|x86.ActiveCfg = Release|Any CPU
		{AC9D5AAE-0D00-46F0-86D7-71EF4F262B5B}.Release|x86.Build.0 = Release|Any CPU
		{917DD395-621A-4331-89F9-B2B5CFBAE7E9}.Debug|Any CPU.ActiveCfg = Debug|Any CPU
		{917DD395-621A-4331-89F9-B2B5CFBAE7E9}.Debug|Any CPU.Build.0 = Debug|Any CPU
		{917DD395-621A-4331-89F9-B2B5CFBAE7E9}.Debug|ARM.ActiveCfg = Debug|Any CPU
		{917DD395-621A-4331-89F9-B2B5CFBAE7E9}.Debug|ARM.Build.0 = Debug|Any CPU
		{917DD395-621A-4331-89F9-B2B5CFBAE7E9}.Debug|x64.ActiveCfg = Debug|Any CPU
		{917DD395-621A-4331-89F9-B2B5CFBAE7E9}.Debug|x64.Build.0 = Debug|Any CPU
		{917DD395-621A-4331-89F9-B2B5CFBAE7E9}.Debug|x86.ActiveCfg = Debug|Any CPU
		{917DD395-621A-4331-89F9-B2B5CFBAE7E9}.Debug|x86.Build.0 = Debug|Any CPU
		{917DD395-621A-4331-89F9-B2B5CFBAE7E9}.Release|Any CPU.ActiveCfg = Release|Any CPU
		{917DD395-621A-4331-89F9-B2B5CFBAE7E9}.Release|Any CPU.Build.0 = Release|Any CPU
		{917DD395-621A-4331-89F9-B2B5CFBAE7E9}.Release|ARM.ActiveCfg = Release|Any CPU
		{917DD395-621A-4331-89F9-B2B5CFBAE7E9}.Release|ARM.Build.0 = Release|Any CPU
		{917DD395-621A-4331-89F9-B2B5CFBAE7E9}.Release|x64.ActiveCfg = Release|Any CPU
		{917DD395-621A-4331-89F9-B2B5CFBAE7E9}.Release|x64.Build.0 = Release|Any CPU
		{917DD395-621A-4331-89F9-B2B5CFBAE7E9}.Release|x86.ActiveCfg = Release|Any CPU
		{917DD395-621A-4331-89F9-B2B5CFBAE7E9}.Release|x86.Build.0 = Release|Any CPU
		{A5A46612-D516-45E9-9346-EED79252485E}.Debug|Any CPU.ActiveCfg = Debug|Any CPU
		{A5A46612-D516-45E9-9346-EED79252485E}.Debug|Any CPU.Build.0 = Debug|Any CPU
		{A5A46612-D516-45E9-9346-EED79252485E}.Debug|ARM.ActiveCfg = Debug|Any CPU
		{A5A46612-D516-45E9-9346-EED79252485E}.Debug|ARM.Build.0 = Debug|Any CPU
		{A5A46612-D516-45E9-9346-EED79252485E}.Debug|x64.ActiveCfg = Debug|Any CPU
		{A5A46612-D516-45E9-9346-EED79252485E}.Debug|x64.Build.0 = Debug|Any CPU
		{A5A46612-D516-45E9-9346-EED79252485E}.Debug|x86.ActiveCfg = Debug|Any CPU
		{A5A46612-D516-45E9-9346-EED79252485E}.Debug|x86.Build.0 = Debug|Any CPU
		{A5A46612-D516-45E9-9346-EED79252485E}.Release|Any CPU.ActiveCfg = Release|Any CPU
		{A5A46612-D516-45E9-9346-EED79252485E}.Release|Any CPU.Build.0 = Release|Any CPU
		{A5A46612-D516-45E9-9346-EED79252485E}.Release|ARM.ActiveCfg = Release|Any CPU
		{A5A46612-D516-45E9-9346-EED79252485E}.Release|ARM.Build.0 = Release|Any CPU
		{A5A46612-D516-45E9-9346-EED79252485E}.Release|x64.ActiveCfg = Release|Any CPU
		{A5A46612-D516-45E9-9346-EED79252485E}.Release|x64.Build.0 = Release|Any CPU
		{A5A46612-D516-45E9-9346-EED79252485E}.Release|x86.ActiveCfg = Release|Any CPU
		{A5A46612-D516-45E9-9346-EED79252485E}.Release|x86.Build.0 = Release|Any CPU
		{AD6D5564-875E-40C6-B19C-FD6F9C41910A}.Debug|Any CPU.ActiveCfg = Debug|Any CPU
		{AD6D5564-875E-40C6-B19C-FD6F9C41910A}.Debug|Any CPU.Build.0 = Debug|Any CPU
		{AD6D5564-875E-40C6-B19C-FD6F9C41910A}.Debug|ARM.ActiveCfg = Debug|Any CPU
		{AD6D5564-875E-40C6-B19C-FD6F9C41910A}.Debug|ARM.Build.0 = Debug|Any CPU
		{AD6D5564-875E-40C6-B19C-FD6F9C41910A}.Debug|x64.ActiveCfg = Debug|Any CPU
		{AD6D5564-875E-40C6-B19C-FD6F9C41910A}.Debug|x64.Build.0 = Debug|Any CPU
		{AD6D5564-875E-40C6-B19C-FD6F9C41910A}.Debug|x86.ActiveCfg = Debug|Any CPU
		{AD6D5564-875E-40C6-B19C-FD6F9C41910A}.Debug|x86.Build.0 = Debug|Any CPU
		{AD6D5564-875E-40C6-B19C-FD6F9C41910A}.Release|Any CPU.ActiveCfg = Release|Any CPU
		{AD6D5564-875E-40C6-B19C-FD6F9C41910A}.Release|Any CPU.Build.0 = Release|Any CPU
		{AD6D5564-875E-40C6-B19C-FD6F9C41910A}.Release|ARM.ActiveCfg = Release|Any CPU
		{AD6D5564-875E-40C6-B19C-FD6F9C41910A}.Release|ARM.Build.0 = Release|Any CPU
		{AD6D5564-875E-40C6-B19C-FD6F9C41910A}.Release|x64.ActiveCfg = Release|Any CPU
		{AD6D5564-875E-40C6-B19C-FD6F9C41910A}.Release|x64.Build.0 = Release|Any CPU
		{AD6D5564-875E-40C6-B19C-FD6F9C41910A}.Release|x86.ActiveCfg = Release|Any CPU
		{AD6D5564-875E-40C6-B19C-FD6F9C41910A}.Release|x86.Build.0 = Release|Any CPU
		{1915A167-5C97-4BC4-91E9-1DA73F1B1374}.Debug|Any CPU.ActiveCfg = Debug|x86
		{1915A167-5C97-4BC4-91E9-1DA73F1B1374}.Debug|ARM.ActiveCfg = Debug|ARM
		{1915A167-5C97-4BC4-91E9-1DA73F1B1374}.Debug|ARM.Build.0 = Debug|ARM
		{1915A167-5C97-4BC4-91E9-1DA73F1B1374}.Debug|ARM.Deploy.0 = Debug|ARM
		{1915A167-5C97-4BC4-91E9-1DA73F1B1374}.Debug|x64.ActiveCfg = Debug|x64
		{1915A167-5C97-4BC4-91E9-1DA73F1B1374}.Debug|x64.Build.0 = Debug|x64
		{1915A167-5C97-4BC4-91E9-1DA73F1B1374}.Debug|x64.Deploy.0 = Debug|x64
		{1915A167-5C97-4BC4-91E9-1DA73F1B1374}.Debug|x86.ActiveCfg = Debug|x86
		{1915A167-5C97-4BC4-91E9-1DA73F1B1374}.Debug|x86.Build.0 = Debug|x86
		{1915A167-5C97-4BC4-91E9-1DA73F1B1374}.Debug|x86.Deploy.0 = Debug|x86
		{1915A167-5C97-4BC4-91E9-1DA73F1B1374}.Release|Any CPU.ActiveCfg = Release|x86
		{1915A167-5C97-4BC4-91E9-1DA73F1B1374}.Release|ARM.ActiveCfg = Release|ARM
		{1915A167-5C97-4BC4-91E9-1DA73F1B1374}.Release|ARM.Build.0 = Release|ARM
		{1915A167-5C97-4BC4-91E9-1DA73F1B1374}.Release|ARM.Deploy.0 = Release|ARM
		{1915A167-5C97-4BC4-91E9-1DA73F1B1374}.Release|x64.ActiveCfg = Release|x64
		{1915A167-5C97-4BC4-91E9-1DA73F1B1374}.Release|x64.Build.0 = Release|x64
		{1915A167-5C97-4BC4-91E9-1DA73F1B1374}.Release|x64.Deploy.0 = Release|x64
		{1915A167-5C97-4BC4-91E9-1DA73F1B1374}.Release|x86.ActiveCfg = Release|x86
		{1915A167-5C97-4BC4-91E9-1DA73F1B1374}.Release|x86.Build.0 = Release|x86
		{1915A167-5C97-4BC4-91E9-1DA73F1B1374}.Release|x86.Deploy.0 = Release|x86
		{37B618C5-A7C7-435C-9C5E-E7936D394B2E}.Debug|Any CPU.ActiveCfg = Debug|Any CPU
		{37B618C5-A7C7-435C-9C5E-E7936D394B2E}.Debug|Any CPU.Build.0 = Debug|Any CPU
		{37B618C5-A7C7-435C-9C5E-E7936D394B2E}.Debug|ARM.ActiveCfg = Debug|Any CPU
		{37B618C5-A7C7-435C-9C5E-E7936D394B2E}.Debug|ARM.Build.0 = Debug|Any CPU
		{37B618C5-A7C7-435C-9C5E-E7936D394B2E}.Debug|x64.ActiveCfg = Debug|Any CPU
		{37B618C5-A7C7-435C-9C5E-E7936D394B2E}.Debug|x64.Build.0 = Debug|Any CPU
		{37B618C5-A7C7-435C-9C5E-E7936D394B2E}.Debug|x86.ActiveCfg = Debug|Any CPU
		{37B618C5-A7C7-435C-9C5E-E7936D394B2E}.Debug|x86.Build.0 = Debug|Any CPU
		{37B618C5-A7C7-435C-9C5E-E7936D394B2E}.Release|Any CPU.ActiveCfg = Release|Any CPU
		{37B618C5-A7C7-435C-9C5E-E7936D394B2E}.Release|Any CPU.Build.0 = Release|Any CPU
		{37B618C5-A7C7-435C-9C5E-E7936D394B2E}.Release|ARM.ActiveCfg = Release|Any CPU
		{37B618C5-A7C7-435C-9C5E-E7936D394B2E}.Release|ARM.Build.0 = Release|Any CPU
		{37B618C5-A7C7-435C-9C5E-E7936D394B2E}.Release|x64.ActiveCfg = Release|Any CPU
		{37B618C5-A7C7-435C-9C5E-E7936D394B2E}.Release|x64.Build.0 = Release|Any CPU
		{37B618C5-A7C7-435C-9C5E-E7936D394B2E}.Release|x86.ActiveCfg = Release|Any CPU
		{37B618C5-A7C7-435C-9C5E-E7936D394B2E}.Release|x86.Build.0 = Release|Any CPU
	EndGlobalSection
	GlobalSection(SolutionProperties) = preSolution
		HideSolutionNode = FALSE
	EndGlobalSection
	GlobalSection(NestedProjects) = preSolution
		{CE20F5F8-917F-4E24-8374-B60B698ACBA6} = {5B49B5ED-0C4F-47DD-8D72-6BD21518E7FD}
		{C6454733-C8EE-41A1-88D9-2EDC4012F499} = {5B49B5ED-0C4F-47DD-8D72-6BD21518E7FD}
		{94BDF7DC-169D-41D7-9FC8-081A9D1D56D2} = {5B49B5ED-0C4F-47DD-8D72-6BD21518E7FD}
		{F9A05818-6D67-484A-8397-149EA1DEDCDF} = {5B49B5ED-0C4F-47DD-8D72-6BD21518E7FD}
		{F16A9DE8-193F-4D07-9D86-1DD2FB087A96} = {67C77F61-548B-4B26-96CE-E8C6B924785B}
		{67C77F61-548B-4B26-96CE-E8C6B924785B} = {93A34DFC-EDAD-41A7-ACCC-8102695590DD}
		{CD028A30-EF26-44DE-884B-6D9C41C39D64} = {5B49B5ED-0C4F-47DD-8D72-6BD21518E7FD}
		{E30939C5-042D-4EC2-817D-C5AFC509B330} = {5B49B5ED-0C4F-47DD-8D72-6BD21518E7FD}
		{8EDF4429-251A-416D-BB68-93F227191BCF} = {7F4060A4-602D-4A7C-8ACF-7956D9F8D757}
		{EA705293-ABA7-4B57-9BC4-FDC1F1FC6CA8} = {25E4BE1A-D5A5-45B4-B612-F524C796082E}
		{FCD911F0-AFFB-4810-9816-6E67382C0D3C} = {5B49B5ED-0C4F-47DD-8D72-6BD21518E7FD}
		{38044DCA-2FF6-4579-B06E-46BF7401D0B2} = {5B49B5ED-0C4F-47DD-8D72-6BD21518E7FD}
		{BC4A8ABD-8848-4544-9F7C-FC98E3A89DF2} = {25E4BE1A-D5A5-45B4-B612-F524C796082E}
		{4E426B71-BC07-498D-879F-F320E3208A32} = {5B49B5ED-0C4F-47DD-8D72-6BD21518E7FD}
		{9B0F9558-E181-4972-BE12-70C18B64061A} = {5B49B5ED-0C4F-47DD-8D72-6BD21518E7FD}
		{13BCFB1A-C0C5-453F-9FC2-733C0FF0F116} = {5B49B5ED-0C4F-47DD-8D72-6BD21518E7FD}
		{A649607D-BF0E-4727-A7D0-B2D6376A618F} = {5B49B5ED-0C4F-47DD-8D72-6BD21518E7FD}
		{0F9A2532-D41C-4D23-8BBF-A20BA5BF4F3A} = {25E4BE1A-D5A5-45B4-B612-F524C796082E}
		{06E84034-B80F-4925-ABF7-FA4B8153B159} = {5B49B5ED-0C4F-47DD-8D72-6BD21518E7FD}
		{1DBEB2CF-0424-4382-9B9B-4E74B7C0D910} = {7F4060A4-602D-4A7C-8ACF-7956D9F8D757}
		{AC9D5AAE-0D00-46F0-86D7-71EF4F262B5B} = {5B49B5ED-0C4F-47DD-8D72-6BD21518E7FD}
		{6279C845-92F8-4333-AB99-3D213163593C} = {C8B0A387-2D39-4011-BA80-8CA997384279}
		{1915A167-5C97-4BC4-91E9-1DA73F1B1374} = {C8B0A387-2D39-4011-BA80-8CA997384279}
		{37B618C5-A7C7-435C-9C5E-E7936D394B2E} = {C8B0A387-2D39-4011-BA80-8CA997384279}
	EndGlobalSection
	GlobalSection(ExtensibilityGlobals) = postSolution
		SolutionGuid = {BA03C0DC-5D0A-4126-9F26-77704FB5FD5B}
	EndGlobalSection
	GlobalSection(Performance) = preSolution
		HasPerformanceSessions = true
	EndGlobalSection
	GlobalSection(Performance) = preSolution
		HasPerformanceSessions = true
	EndGlobalSection
	GlobalSection(TestCaseManagementSettings) = postSolution
		CategoryFile = Granular.vsmdi
	EndGlobalSection
EndGlobal
